// !$*UTF8*$!
{
	archiveVersion = 1;
	classes = {
	};
	objectVersion = 46;
	objects = {

/* Begin PBXBuildFile section */
		A402A0701B4BC22400129605 /* DJIRootViewController.m in Sources */ = {isa = PBXBuildFile; fileRef = A402A06F1B4BC22400129605 /* DJIRootViewController.m */; };
		A402A0741B4BC43800129605 /* DJIMapController.m in Sources */ = {isa = PBXBuildFile; fileRef = A402A0721B4BC43800129605 /* DJIMapController.m */; };
		A402A07A1B4BDAE400129605 /* DJIAircraftAnnotation.m in Sources */ = {isa = PBXBuildFile; fileRef = A402A0771B4BDAE400129605 /* DJIAircraftAnnotation.m */; };
		A402A07B1B4BDAE400129605 /* DJIAircraftAnnotationView.m in Sources */ = {isa = PBXBuildFile; fileRef = A402A0791B4BDAE400129605 /* DJIAircraftAnnotationView.m */; };
		A4507F201CB5054A0037861C /* libz.tbd in Frameworks */ = {isa = PBXBuildFile; fileRef = A4507F1F1CB5054A0037861C /* libz.tbd */; };
		A4507F221CB505600037861C /* libstdc++.6.0.9.tbd in Frameworks */ = {isa = PBXBuildFile; fileRef = A4507F211CB505600037861C /* libstdc++.6.0.9.tbd */; };
		A4507F291CB506D40037861C /* DJIGSButtonViewController.m in Sources */ = {isa = PBXBuildFile; fileRef = A4507F241CB506D40037861C /* DJIGSButtonViewController.m */; };
		A4507F2A1CB506D40037861C /* DJIGSButtonViewController.xib in Resources */ = {isa = PBXBuildFile; fileRef = A4507F251CB506D40037861C /* DJIGSButtonViewController.xib */; };
		A4507F2B1CB506D40037861C /* DJIWaypointConfigViewController.m in Sources */ = {isa = PBXBuildFile; fileRef = A4507F271CB506D40037861C /* DJIWaypointConfigViewController.m */; };
		A4507F2C1CB506D40037861C /* DJIWaypointConfigViewController.xib in Resources */ = {isa = PBXBuildFile; fileRef = A4507F281CB506D40037861C /* DJIWaypointConfigViewController.xib */; };
		A4507F301CB506F20037861C /* DemoUtility.m in Sources */ = {isa = PBXBuildFile; fileRef = A4507F2F1CB506F20037861C /* DemoUtility.m */; };
		A4E86B781B4A374300F204DA /* main.m in Sources */ = {isa = PBXBuildFile; fileRef = A4E86B771B4A374300F204DA /* main.m */; };
		A4E86B7B1B4A374300F204DA /* AppDelegate.m in Sources */ = {isa = PBXBuildFile; fileRef = A4E86B7A1B4A374300F204DA /* AppDelegate.m */; };
		A4E86B831B4A374300F204DA /* Images.xcassets in Resources */ = {isa = PBXBuildFile; fileRef = A4E86B821B4A374300F204DA /* Images.xcassets */; };
		A4E86B861B4A374300F204DA /* LaunchScreen.xib in Resources */ = {isa = PBXBuildFile; fileRef = A4E86B841B4A374300F204DA /* LaunchScreen.xib */; };
		A4E86B921B4A374300F204DA /* COMPandGOTest.m in Sources */ = {isa = PBXBuildFile; fileRef = A4E86B911B4A374300F204DA /* COMPandGOTest.m */; };
		A4F9574C1B4ADD570017733D /* MapKit.framework in Frameworks */ = {isa = PBXBuildFile; fileRef = A4F9574B1B4ADD570017733D /* MapKit.framework */; };
		D89D30061D042BAC00660E53 /* Default-568h@2x.png in Resources */ = {isa = PBXBuildFile; fileRef = D89D30051D042BAC00660E53 /* Default-568h@2x.png */; };
		D89D300D1D042F2F00660E53 /* DJISDK.framework in Frameworks */ = {isa = PBXBuildFile; fileRef = D89D300B1D042D8B00660E53 /* DJISDK.framework */; };
		D89D300E1D042F2F00660E53 /* DJISDK.framework in CopyFiles */ = {isa = PBXBuildFile; fileRef = D89D300B1D042D8B00660E53 /* DJISDK.framework */; settings = {ATTRIBUTES = (CodeSignOnCopy, RemoveHeadersOnCopy, ); }; };
		D89D30181D04375800660E53 /* VideoPreviewer.framework in Frameworks */ = {isa = PBXBuildFile; fileRef = D89D30171D04374A00660E53 /* VideoPreviewer.framework */; };
		D89D30191D04375800660E53 /* VideoPreviewer.framework in CopyFiles */ = {isa = PBXBuildFile; fileRef = D89D30171D04374A00660E53 /* VideoPreviewer.framework */; settings = {ATTRIBUTES = (CodeSignOnCopy, RemoveHeadersOnCopy, ); }; };
		D89D301E1D0437C900660E53 /* AudioToolbox.framework in Frameworks */ = {isa = PBXBuildFile; fileRef = D89D301D1D0437C900660E53 /* AudioToolbox.framework */; };
		D89D30201D0437CF00660E53 /* MessageUI.framework in Frameworks */ = {isa = PBXBuildFile; fileRef = D89D301F1D0437CF00660E53 /* MessageUI.framework */; };
		D89D30331D043A2600660E53 /* BotobGaleriaGrande.png in Resources */ = {isa = PBXBuildFile; fileRef = D89D30211D043A2600660E53 /* BotobGaleriaGrande.png */; };
		D89D30341D043A2600660E53 /* BotonCierra.png in Resources */ = {isa = PBXBuildFile; fileRef = D89D30221D043A2600660E53 /* BotonCierra.png */; };
		D89D30351D043A2600660E53 /* BotonCreaRutaGrande.png in Resources */ = {isa = PBXBuildFile; fileRef = D89D30231D043A2600660E53 /* BotonCreaRutaGrande.png */; };
		D89D30361D043A2600660E53 /* BotonDocuemntosGrande.png in Resources */ = {isa = PBXBuildFile; fileRef = D89D30241D043A2600660E53 /* BotonDocuemntosGrande.png */; };
		D89D30371D043A2600660E53 /* botongaleria.png in Resources */ = {isa = PBXBuildFile; fileRef = D89D30251D043A2600660E53 /* botongaleria.png */; };
		D89D30381D043A2600660E53 /* calendarSP.png in Resources */ = {isa = PBXBuildFile; fileRef = D89D30261D043A2600660E53 /* calendarSP.png */; };
		D89D30391D043A2600660E53 /* Camara.png in Resources */ = {isa = PBXBuildFile; fileRef = D89D30271D043A2600660E53 /* Camara.png */; };
		D89D303A1D043A2600660E53 /* IconoAyuda.png in Resources */ = {isa = PBXBuildFile; fileRef = D89D30281D043A2600660E53 /* IconoAyuda.png */; };
		D89D303B1D043A2600660E53 /* iconoCreaPdf.png in Resources */ = {isa = PBXBuildFile; fileRef = D89D30291D043A2600660E53 /* iconoCreaPdf.png */; };
		D89D303C1D043A2600660E53 /* iconoCreaPdf2.png in Resources */ = {isa = PBXBuildFile; fileRef = D89D302A1D043A2600660E53 /* iconoCreaPdf2.png */; };
		D89D303D1D043A2600660E53 /* IconoCreaPfd.png in Resources */ = {isa = PBXBuildFile; fileRef = D89D302B1D043A2600660E53 /* IconoCreaPfd.png */; };
		D89D303E1D043A2600660E53 /* IconoEmail.png in Resources */ = {isa = PBXBuildFile; fileRef = D89D302C1D043A2600660E53 /* IconoEmail.png */; };
		D89D303F1D043A2600660E53 /* IconoSigue.png in Resources */ = {isa = PBXBuildFile; fileRef = D89D302D1D043A2600660E53 /* IconoSigue.png */; };
		D89D30401D043A2600660E53 /* IconoVerPfd.png in Resources */ = {isa = PBXBuildFile; fileRef = D89D302E1D043A2600660E53 /* IconoVerPfd.png */; };
		D89D30411D043A2600660E53 /* IconoVuleve.png in Resources */ = {isa = PBXBuildFile; fileRef = D89D302F1D043A2600660E53 /* IconoVuleve.png */; };
		D89D30421D043A2600660E53 /* Pdf.png in Resources */ = {isa = PBXBuildFile; fileRef = D89D30301D043A2600660E53 /* Pdf.png */; };
		D89D30431D043A2600660E53 /* playVideo.png in Resources */ = {isa = PBXBuildFile; fileRef = D89D30311D043A2600660E53 /* playVideo.png */; };
		D89D30441D043A2600660E53 /* SigueIcono.png in Resources */ = {isa = PBXBuildFile; fileRef = D89D30321D043A2600660E53 /* SigueIcono.png */; };
		D89D304E1D043A5E00660E53 /* blanco.png in Resources */ = {isa = PBXBuildFile; fileRef = D89D30461D043A5E00660E53 /* blanco.png */; };
		D89D304F1D043A5E00660E53 /* fondo.jpg in Resources */ = {isa = PBXBuildFile; fileRef = D89D30471D043A5E00660E53 /* fondo.jpg */; };
		D89D30501D043A5E00660E53 /* fondo2.jpg in Resources */ = {isa = PBXBuildFile; fileRef = D89D30481D043A5E00660E53 /* fondo2.jpg */; };
		D89D30511D043A5E00660E53 /* FondoLargo.jpg in Resources */ = {isa = PBXBuildFile; fileRef = D89D30491D043A5E00660E53 /* FondoLargo.jpg */; };
		D89D30521D043A5E00660E53 /* FranjaNegra.png in Resources */ = {isa = PBXBuildFile; fileRef = D89D304A1D043A5E00660E53 /* FranjaNegra.png */; };
		D89D30531D043A5F00660E53 /* gris.png in Resources */ = {isa = PBXBuildFile; fileRef = D89D304B1D043A5E00660E53 /* gris.png */; };
		D89D30541D043A5F00660E53 /* logofondo.png in Resources */ = {isa = PBXBuildFile; fileRef = D89D304C1D043A5E00660E53 /* logofondo.png */; };
		D89D30551D043A5F00660E53 /* peligro.jpg in Resources */ = {isa = PBXBuildFile; fileRef = D89D304D1D043A5E00660E53 /* peligro.jpg */; };
		D89D30631D043A7700660E53 /* DataPicker.png in Resources */ = {isa = PBXBuildFile; fileRef = D89D30571D043A7700660E53 /* DataPicker.png */; };
		D89D30641D043A7700660E53 /* peligro.png in Resources */ = {isa = PBXBuildFile; fileRef = D89D30581D043A7700660E53 /* peligro.png */; };
		D89D30651D043A7700660E53 /* peligroAeronave.png in Resources */ = {isa = PBXBuildFile; fileRef = D89D30591D043A7700660E53 /* peligroAeronave.png */; };
		D89D30661D043A7700660E53 /* peligroMeteorologia.png in Resources */ = {isa = PBXBuildFile; fileRef = D89D305A1D043A7700660E53 /* peligroMeteorologia.png */; };
		D89D30671D043A7700660E53 /* peligroOperador.png in Resources */ = {isa = PBXBuildFile; fileRef = D89D305B1D043A7700660E53 /* peligroOperador.png */; };
		D89D30681D043A7700660E53 /* peligroRaya.png in Resources */ = {isa = PBXBuildFile; fileRef = D89D305C1D043A7700660E53 /* peligroRaya.png */; };
		D89D30691D043A7700660E53 /* peligroRestricciones.png in Resources */ = {isa = PBXBuildFile; fileRef = D89D305D1D043A7700660E53 /* peligroRestricciones.png */; };
		D89D306A1D043A7700660E53 /* peligroTipoDeVuelo.png in Resources */ = {isa = PBXBuildFile; fileRef = D89D305E1D043A7700660E53 /* peligroTipoDeVuelo.png */; };
		D89D306B1D043A7700660E53 /* peligroTipoOperacion.png in Resources */ = {isa = PBXBuildFile; fileRef = D89D305F1D043A7700660E53 /* peligroTipoOperacion.png */; };
		D89D306C1D043A7700660E53 /* PlanVueloOperacional.jpg in Resources */ = {isa = PBXBuildFile; fileRef = D89D30601D043A7700660E53 /* PlanVueloOperacional.jpg */; };
		D89D306D1D043A7700660E53 /* PlanVueloPreliminar.pdf in Resources */ = {isa = PBXBuildFile; fileRef = D89D30611D043A7700660E53 /* PlanVueloPreliminar.pdf */; };
		D89D306E1D043A7700660E53 /* PV.png in Resources */ = {isa = PBXBuildFile; fileRef = D89D30621D043A7700660E53 /* PV.png */; };
		D89D30731D043A9000660E53 /* click.m4a in Resources */ = {isa = PBXBuildFile; fileRef = D89D30701D043A9000660E53 /* click.m4a */; };
		D89D30741D043A9000660E53 /* pdfsonido.m4a in Resources */ = {isa = PBXBuildFile; fileRef = D89D30711D043A9000660E53 /* pdfsonido.m4a */; };
		D89D30751D043A9000660E53 /* PulsaSonido.m4a in Resources */ = {isa = PBXBuildFile; fileRef = D89D30721D043A9000660E53 /* PulsaSonido.m4a */; };
		D89D307B1D043AAC00660E53 /* Kelson Sans Light.otf in Resources */ = {isa = PBXBuildFile; fileRef = D89D30771D043AAC00660E53 /* Kelson Sans Light.otf */; };
		D89D307C1D043AAC00660E53 /* Kelson Sans Regular.otf in Resources */ = {isa = PBXBuildFile; fileRef = D89D30781D043AAC00660E53 /* Kelson Sans Regular.otf */; };
		D89D307D1D043AAC00660E53 /* Panton-BlackCaps.otf in Resources */ = {isa = PBXBuildFile; fileRef = D89D30791D043AAC00660E53 /* Panton-BlackCaps.otf */; };
		D89D307E1D043AAC00660E53 /* SpecialElite.ttf in Resources */ = {isa = PBXBuildFile; fileRef = D89D307A1D043AAC00660E53 /* SpecialElite.ttf */; };
		D89D30821D043B3100660E53 /* PrincipalViewController.m in Sources */ = {isa = PBXBuildFile; fileRef = D89D30811D043B3100660E53 /* PrincipalViewController.m */; };
		D89D30851D043BDA00660E53 /* MainRuta.storyboard in Resources */ = {isa = PBXBuildFile; fileRef = D89D30831D043BDA00660E53 /* MainRuta.storyboard */; };
		D89D308E1D043C2700660E53 /* Main.storyboard in Resources */ = {isa = PBXBuildFile; fileRef = D89D308A1D043C2700660E53 /* Main.storyboard */; };
		D89D30911D043C9800660E53 /* FormularioViewController.m in Sources */ = {isa = PBXBuildFile; fileRef = D89D30901D043C9800660E53 /* FormularioViewController.m */; };
		D89D30951D04407400660E53 /* GrabacionViewController.m in Sources */ = {isa = PBXBuildFile; fileRef = D89D30941D04407400660E53 /* GrabacionViewController.m */; };
		D89D309C1D0440F400660E53 /* DJIPlaybackMultiSelectViewController.m in Sources */ = {isa = PBXBuildFile; fileRef = D89D30981D0440F400660E53 /* DJIPlaybackMultiSelectViewController.m */; };
		D89D309D1D0440F400660E53 /* GaleriaViewController.m in Sources */ = {isa = PBXBuildFile; fileRef = D89D309A1D0440F400660E53 /* GaleriaViewController.m */; };
		D89D30A21D04414400660E53 /* AyudaViewController.m in Sources */ = {isa = PBXBuildFile; fileRef = D89D30A11D04414400660E53 /* AyudaViewController.m */; };
		D8CF54EA1D0476B1008829D7 /* DJIPlaybackMultiSelectViewController_iPad.xib in Resources */ = {isa = PBXBuildFile; fileRef = D8CF54E71D0476B1008829D7 /* DJIPlaybackMultiSelectViewController_iPad.xib */; };
		D8CF54EB1D0476B1008829D7 /* DJIPlaybackMultiSelectViewController_iPhone6.xib in Resources */ = {isa = PBXBuildFile; fileRef = D8CF54E81D0476B1008829D7 /* DJIPlaybackMultiSelectViewController_iPhone6.xib */; };
		D8CF54EC1D0476B1008829D7 /* DJIPlaybackMultiSelectViewController_iPhone6+.xib in Resources */ = {isa = PBXBuildFile; fileRef = D8CF54E91D0476B1008829D7 /* DJIPlaybackMultiSelectViewController_iPhone6+.xib */; };
		D8CF54F01D04AEC7008829D7 /* ayuda1.png in Resources */ = {isa = PBXBuildFile; fileRef = D8CF54EF1D04AEC7008829D7 /* ayuda1.png */; };
		D8CF54F21D04B492008829D7 /* ayuda2.png in Resources */ = {isa = PBXBuildFile; fileRef = D8CF54F11D04B492008829D7 /* ayuda2.png */; };
		D8CF54F41D04B63F008829D7 /* ayuda3.png in Resources */ = {isa = PBXBuildFile; fileRef = D8CF54F31D04B63F008829D7 /* ayuda3.png */; };
		D8CF54F61D05C5FB008829D7 /* ayuda4.png in Resources */ = {isa = PBXBuildFile; fileRef = D8CF54F51D05C5FB008829D7 /* ayuda4.png */; };
		D8CF54F81D05C955008829D7 /* ayuda5.png in Resources */ = {isa = PBXBuildFile; fileRef = D8CF54F71D05C954008829D7 /* ayuda5.png */; };
		D8CF54FA1D05CB60008829D7 /* ayuda6.png in Resources */ = {isa = PBXBuildFile; fileRef = D8CF54F91D05CB60008829D7 /* ayuda6.png */; };
		D8CF54FC1D05CCA7008829D7 /* ayuda7.png in Resources */ = {isa = PBXBuildFile; fileRef = D8CF54FB1D05CCA7008829D7 /* ayuda7.png */; };
		D8CF54FE1D05D50A008829D7 /* Botoncierra2.png in Resources */ = {isa = PBXBuildFile; fileRef = D8CF54FD1D05D50A008829D7 /* Botoncierra2.png */; };
		D8CF55001D05D9C4008829D7 /* SonidoCreaPdf.m4a in Resources */ = {isa = PBXBuildFile; fileRef = D8CF54FF1D05D9C4008829D7 /* SonidoCreaPdf.m4a */; };
		D8CF55071D0607C6008829D7 /* Launch1.png in Resources */ = {isa = PBXBuildFile; fileRef = D8CF55011D0607C6008829D7 /* Launch1.png */; };
		D8CF55081D0607C6008829D7 /* Launch2.png in Resources */ = {isa = PBXBuildFile; fileRef = D8CF55021D0607C6008829D7 /* Launch2.png */; };
		D8CF55091D0607C6008829D7 /* Launch3.png in Resources */ = {isa = PBXBuildFile; fileRef = D8CF55031D0607C6008829D7 /* Launch3.png */; };
		D8CF550A1D0607C6008829D7 /* Launch4.png in Resources */ = {isa = PBXBuildFile; fileRef = D8CF55041D0607C6008829D7 /* Launch4.png */; };
		D8CF550C1D0607C6008829D7 /* Launch6.png in Resources */ = {isa = PBXBuildFile; fileRef = D8CF55061D0607C6008829D7 /* Launch6.png */; };
		D8CF55131D060A81008829D7 /* InicioViewController.m in Sources */ = {isa = PBXBuildFile; fileRef = D8CF55121D060A81008829D7 /* InicioViewController.m */; };
		D8CF55151D07103E008829D7 /* Launch5.png in Resources */ = {isa = PBXBuildFile; fileRef = D8CF55141D07103E008829D7 /* Launch5.png */; };
		D8CF551A1D0716C5008829D7 /* Autor.png in Resources */ = {isa = PBXBuildFile; fileRef = D8CF55191D0716C5008829D7 /* Autor.png */; };
		D8CF551C1D0719D3008829D7 /* Titulo.png in Resources */ = {isa = PBXBuildFile; fileRef = D8CF551B1D0719D3008829D7 /* Titulo.png */; };
		D8CF551E1D071ECB008829D7 /* launch.png in Resources */ = {isa = PBXBuildFile; fileRef = D8CF551D1D071ECB008829D7 /* launch.png */; };
		D8CF55201D071F39008829D7 /* launchx1.png in Resources */ = {isa = PBXBuildFile; fileRef = D8CF551F1D071F39008829D7 /* launchx1.png */; };
		D8CF55221D072003008829D7 /* portraitx2.png in Resources */ = {isa = PBXBuildFile; fileRef = D8CF55211D072003008829D7 /* portraitx2.png */; };
		D8CF55241D07202E008829D7 /* portraitx1.png in Resources */ = {isa = PBXBuildFile; fileRef = D8CF55231D07202E008829D7 /* portraitx1.png */; };
		D8CF552A1D0725B4008829D7 /* WebViewController.m in Sources */ = {isa = PBXBuildFile; fileRef = D8CF55291D0725B4008829D7 /* WebViewController.m */; };
		D8CF552C1D073C89008829D7 /* inicio.m4a in Resources */ = {isa = PBXBuildFile; fileRef = D8CF552B1D073C89008829D7 /* inicio.m4a */; };
/* End PBXBuildFile section */

/* Begin PBXContainerItemProxy section */
		A4E86B8C1B4A374300F204DA /* PBXContainerItemProxy */ = {
			isa = PBXContainerItemProxy;
			containerPortal = A4E86B6A1B4A374300F204DA /* Project object */;
			proxyType = 1;
			remoteGlobalIDString = A4E86B711B4A374300F204DA;
			remoteInfo = GSDemo;
		};
		D89D30161D04374A00660E53 /* PBXContainerItemProxy */ = {
			isa = PBXContainerItemProxy;
			containerPortal = D89D30121D04374A00660E53 /* VideoPreviewer.xcodeproj */;
			proxyType = 2;
			remoteGlobalIDString = 02A543FD1C3C51CB0083C11B;
			remoteInfo = VideoPreviewer;
		};
		D89D301A1D04375800660E53 /* PBXContainerItemProxy */ = {
			isa = PBXContainerItemProxy;
			containerPortal = D89D30121D04374A00660E53 /* VideoPreviewer.xcodeproj */;
			proxyType = 1;
			remoteGlobalIDString = 02A543FC1C3C51CB0083C11B;
			remoteInfo = VideoPreviewer;
		};
/* End PBXContainerItemProxy section */

/* Begin PBXCopyFilesBuildPhase section */
		0203E5871C9C0C7500A69BCF /* CopyFiles */ = {
			isa = PBXCopyFilesBuildPhase;
			buildActionMask = 2147483647;
			dstPath = "";
			dstSubfolderSpec = 10;
			files = (
				D89D30191D04375800660E53 /* VideoPreviewer.framework in CopyFiles */,
				D89D300E1D042F2F00660E53 /* DJISDK.framework in CopyFiles */,
			);
			runOnlyForDeploymentPostprocessing = 0;
		};
/* End PBXCopyFilesBuildPhase section */

/* Begin PBXFileReference section */
		0203E5861C9C0B5F00A69BCF /* COMPandGO-pch.pch */ = {isa = PBXFileReference; fileEncoding = 4; lastKnownFileType = sourcecode.c.h; path = "COMPandGO-pch.pch"; sourceTree = "<group>"; };
		A402A06E1B4BC22400129605 /* DJIRootViewController.h */ = {isa = PBXFileReference; fileEncoding = 4; lastKnownFileType = sourcecode.c.h; path = DJIRootViewController.h; sourceTree = "<group>"; };
		A402A06F1B4BC22400129605 /* DJIRootViewController.m */ = {isa = PBXFileReference; fileEncoding = 4; lastKnownFileType = sourcecode.c.objc; path = DJIRootViewController.m; sourceTree = "<group>"; };
		A402A0711B4BC43800129605 /* DJIMapController.h */ = {isa = PBXFileReference; fileEncoding = 4; lastKnownFileType = sourcecode.c.h; path = DJIMapController.h; sourceTree = "<group>"; };
		A402A0721B4BC43800129605 /* DJIMapController.m */ = {isa = PBXFileReference; fileEncoding = 4; lastKnownFileType = sourcecode.c.objc; path = DJIMapController.m; sourceTree = "<group>"; };
		A402A0761B4BDAE400129605 /* DJIAircraftAnnotation.h */ = {isa = PBXFileReference; fileEncoding = 4; lastKnownFileType = sourcecode.c.h; path = DJIAircraftAnnotation.h; sourceTree = "<group>"; };
		A402A0771B4BDAE400129605 /* DJIAircraftAnnotation.m */ = {isa = PBXFileReference; fileEncoding = 4; lastKnownFileType = sourcecode.c.objc; path = DJIAircraftAnnotation.m; sourceTree = "<group>"; };
		A402A0781B4BDAE400129605 /* DJIAircraftAnnotationView.h */ = {isa = PBXFileReference; fileEncoding = 4; lastKnownFileType = sourcecode.c.h; path = DJIAircraftAnnotationView.h; sourceTree = "<group>"; };
		A402A0791B4BDAE400129605 /* DJIAircraftAnnotationView.m */ = {isa = PBXFileReference; fileEncoding = 4; lastKnownFileType = sourcecode.c.objc; path = DJIAircraftAnnotationView.m; sourceTree = "<group>"; };
		A4507F1F1CB5054A0037861C /* libz.tbd */ = {isa = PBXFileReference; lastKnownFileType = "sourcecode.text-based-dylib-definition"; name = libz.tbd; path = usr/lib/libz.tbd; sourceTree = SDKROOT; };
		A4507F211CB505600037861C /* libstdc++.6.0.9.tbd */ = {isa = PBXFileReference; lastKnownFileType = "sourcecode.text-based-dylib-definition"; name = "libstdc++.6.0.9.tbd"; path = "usr/lib/libstdc++.6.0.9.tbd"; sourceTree = SDKROOT; };
		A4507F231CB506D40037861C /* DJIGSButtonViewController.h */ = {isa = PBXFileReference; fileEncoding = 4; lastKnownFileType = sourcecode.c.h; path = DJIGSButtonViewController.h; sourceTree = "<group>"; };
		A4507F241CB506D40037861C /* DJIGSButtonViewController.m */ = {isa = PBXFileReference; fileEncoding = 4; lastKnownFileType = sourcecode.c.objc; path = DJIGSButtonViewController.m; sourceTree = "<group>"; };
		A4507F251CB506D40037861C /* DJIGSButtonViewController.xib */ = {isa = PBXFileReference; fileEncoding = 4; lastKnownFileType = file.xib; path = DJIGSButtonViewController.xib; sourceTree = "<group>"; };
		A4507F261CB506D40037861C /* DJIWaypointConfigViewController.h */ = {isa = PBXFileReference; fileEncoding = 4; lastKnownFileType = sourcecode.c.h; path = DJIWaypointConfigViewController.h; sourceTree = "<group>"; };
		A4507F271CB506D40037861C /* DJIWaypointConfigViewController.m */ = {isa = PBXFileReference; fileEncoding = 4; lastKnownFileType = sourcecode.c.objc; path = DJIWaypointConfigViewController.m; sourceTree = "<group>"; };
		A4507F281CB506D40037861C /* DJIWaypointConfigViewController.xib */ = {isa = PBXFileReference; fileEncoding = 4; lastKnownFileType = file.xib; path = DJIWaypointConfigViewController.xib; sourceTree = "<group>"; };
		A4507F2E1CB506F20037861C /* DemoUtility.h */ = {isa = PBXFileReference; fileEncoding = 4; lastKnownFileType = sourcecode.c.h; path = DemoUtility.h; sourceTree = "<group>"; };
		A4507F2F1CB506F20037861C /* DemoUtility.m */ = {isa = PBXFileReference; fileEncoding = 4; lastKnownFileType = sourcecode.c.objc; path = DemoUtility.m; sourceTree = "<group>"; };
		A4E86B721B4A374300F204DA /* COMPandGO.app */ = {isa = PBXFileReference; explicitFileType = wrapper.application; includeInIndex = 0; path = COMPandGO.app; sourceTree = BUILT_PRODUCTS_DIR; };
		A4E86B761B4A374300F204DA /* Info.plist */ = {isa = PBXFileReference; lastKnownFileType = text.plist.xml; name = Info.plist; path = "COMPandGO/0-Módulo Principal/Info.plist"; sourceTree = "<group>"; };
		A4E86B771B4A374300F204DA /* main.m */ = {isa = PBXFileReference; lastKnownFileType = sourcecode.c.objc; path = main.m; sourceTree = "<group>"; };
		A4E86B791B4A374300F204DA /* AppDelegate.h */ = {isa = PBXFileReference; lastKnownFileType = sourcecode.c.h; name = AppDelegate.h; path = "COMPandGO/0-Módulo Principal/AppDelegate.h"; sourceTree = "<group>"; };
		A4E86B7A1B4A374300F204DA /* AppDelegate.m */ = {isa = PBXFileReference; lastKnownFileType = sourcecode.c.objc; name = AppDelegate.m; path = "COMPandGO/0-Módulo Principal/AppDelegate.m"; sourceTree = "<group>"; };
		A4E86B821B4A374300F204DA /* Images.xcassets */ = {isa = PBXFileReference; lastKnownFileType = folder.assetcatalog; name = Images.xcassets; path = "COMPandGO/0-Módulo Principal/Images.xcassets"; sourceTree = "<group>"; };
		A4E86B851B4A374300F204DA /* Base */ = {isa = PBXFileReference; lastKnownFileType = file.xib; name = Base; path = Base.lproj/LaunchScreen.xib; sourceTree = "<group>"; };
		A4E86B8B1B4A374300F204DA /* COMPandGO.xctest */ = {isa = PBXFileReference; explicitFileType = wrapper.cfbundle; includeInIndex = 0; path = COMPandGO.xctest; sourceTree = BUILT_PRODUCTS_DIR; };
		A4E86B901B4A374300F204DA /* Info.plist */ = {isa = PBXFileReference; lastKnownFileType = text.plist.xml; path = Info.plist; sourceTree = "<group>"; };
		A4E86B911B4A374300F204DA /* COMPandGOTest.m */ = {isa = PBXFileReference; lastKnownFileType = sourcecode.c.objc; path = COMPandGOTest.m; sourceTree = "<group>"; };
		A4F9574B1B4ADD570017733D /* MapKit.framework */ = {isa = PBXFileReference; lastKnownFileType = wrapper.framework; name = MapKit.framework; path = System/Library/Frameworks/MapKit.framework; sourceTree = SDKROOT; };
		D89D30051D042BAC00660E53 /* Default-568h@2x.png */ = {isa = PBXFileReference; lastKnownFileType = image.png; path = "Default-568h@2x.png"; sourceTree = "<group>"; };
		D89D300B1D042D8B00660E53 /* DJISDK.framework */ = {isa = PBXFileReference; lastKnownFileType = wrapper.framework; name = DJISDK.framework; path = COMPandGO/FrameWorks/DJISDK.framework; sourceTree = SOURCE_ROOT; };
		D89D30121D04374A00660E53 /* VideoPreviewer.xcodeproj */ = {isa = PBXFileReference; lastKnownFileType = "wrapper.pb-project"; name = VideoPreviewer.xcodeproj; path = COMPandGO/FrameWorks/VideoPreviewer/VideoPreviewer.xcodeproj; sourceTree = SOURCE_ROOT; };
		D89D301D1D0437C900660E53 /* AudioToolbox.framework */ = {isa = PBXFileReference; lastKnownFileType = wrapper.framework; name = AudioToolbox.framework; path = System/Library/Frameworks/AudioToolbox.framework; sourceTree = SDKROOT; };
		D89D301F1D0437CF00660E53 /* MessageUI.framework */ = {isa = PBXFileReference; lastKnownFileType = wrapper.framework; name = MessageUI.framework; path = System/Library/Frameworks/MessageUI.framework; sourceTree = SDKROOT; };
		D89D30211D043A2600660E53 /* BotobGaleriaGrande.png */ = {isa = PBXFileReference; lastKnownFileType = image.png; name = BotobGaleriaGrande.png; path = COMPandGO/Recursos/Botones/BotobGaleriaGrande.png; sourceTree = "<group>"; };
		D89D30221D043A2600660E53 /* BotonCierra.png */ = {isa = PBXFileReference; lastKnownFileType = image.png; name = BotonCierra.png; path = COMPandGO/Recursos/Botones/BotonCierra.png; sourceTree = "<group>"; };
		D89D30231D043A2600660E53 /* BotonCreaRutaGrande.png */ = {isa = PBXFileReference; lastKnownFileType = image.png; name = BotonCreaRutaGrande.png; path = COMPandGO/Recursos/Botones/BotonCreaRutaGrande.png; sourceTree = "<group>"; };
		D89D30241D043A2600660E53 /* BotonDocuemntosGrande.png */ = {isa = PBXFileReference; lastKnownFileType = image.png; name = BotonDocuemntosGrande.png; path = COMPandGO/Recursos/Botones/BotonDocuemntosGrande.png; sourceTree = "<group>"; };
		D89D30251D043A2600660E53 /* botongaleria.png */ = {isa = PBXFileReference; lastKnownFileType = image.png; name = botongaleria.png; path = COMPandGO/Recursos/Botones/botongaleria.png; sourceTree = "<group>"; };
		D89D30261D043A2600660E53 /* calendarSP.png */ = {isa = PBXFileReference; lastKnownFileType = image.png; name = calendarSP.png; path = COMPandGO/Recursos/Botones/calendarSP.png; sourceTree = "<group>"; };
		D89D30271D043A2600660E53 /* Camara.png */ = {isa = PBXFileReference; lastKnownFileType = image.png; name = Camara.png; path = COMPandGO/Recursos/Botones/Camara.png; sourceTree = "<group>"; };
		D89D30281D043A2600660E53 /* IconoAyuda.png */ = {isa = PBXFileReference; lastKnownFileType = image.png; name = IconoAyuda.png; path = COMPandGO/Recursos/Botones/IconoAyuda.png; sourceTree = "<group>"; };
		D89D30291D043A2600660E53 /* iconoCreaPdf.png */ = {isa = PBXFileReference; lastKnownFileType = image.png; name = iconoCreaPdf.png; path = COMPandGO/Recursos/Botones/iconoCreaPdf.png; sourceTree = "<group>"; };
		D89D302A1D043A2600660E53 /* iconoCreaPdf2.png */ = {isa = PBXFileReference; lastKnownFileType = image.png; name = iconoCreaPdf2.png; path = COMPandGO/Recursos/Botones/iconoCreaPdf2.png; sourceTree = "<group>"; };
		D89D302B1D043A2600660E53 /* IconoCreaPfd.png */ = {isa = PBXFileReference; lastKnownFileType = image.png; name = IconoCreaPfd.png; path = COMPandGO/Recursos/Botones/IconoCreaPfd.png; sourceTree = "<group>"; };
		D89D302C1D043A2600660E53 /* IconoEmail.png */ = {isa = PBXFileReference; lastKnownFileType = image.png; name = IconoEmail.png; path = COMPandGO/Recursos/Botones/IconoEmail.png; sourceTree = "<group>"; };
		D89D302D1D043A2600660E53 /* IconoSigue.png */ = {isa = PBXFileReference; lastKnownFileType = image.png; name = IconoSigue.png; path = COMPandGO/Recursos/Botones/IconoSigue.png; sourceTree = "<group>"; };
		D89D302E1D043A2600660E53 /* IconoVerPfd.png */ = {isa = PBXFileReference; lastKnownFileType = image.png; name = IconoVerPfd.png; path = COMPandGO/Recursos/Botones/IconoVerPfd.png; sourceTree = "<group>"; };
		D89D302F1D043A2600660E53 /* IconoVuleve.png */ = {isa = PBXFileReference; lastKnownFileType = image.png; name = IconoVuleve.png; path = COMPandGO/Recursos/Botones/IconoVuleve.png; sourceTree = "<group>"; };
		D89D30301D043A2600660E53 /* Pdf.png */ = {isa = PBXFileReference; lastKnownFileType = image.png; name = Pdf.png; path = COMPandGO/Recursos/Botones/Pdf.png; sourceTree = "<group>"; };
		D89D30311D043A2600660E53 /* playVideo.png */ = {isa = PBXFileReference; lastKnownFileType = image.png; name = playVideo.png; path = COMPandGO/Recursos/Botones/playVideo.png; sourceTree = "<group>"; };
		D89D30321D043A2600660E53 /* SigueIcono.png */ = {isa = PBXFileReference; lastKnownFileType = image.png; name = SigueIcono.png; path = COMPandGO/Recursos/Botones/SigueIcono.png; sourceTree = "<group>"; };
		D89D30461D043A5E00660E53 /* blanco.png */ = {isa = PBXFileReference; lastKnownFileType = image.png; name = blanco.png; path = COMPandGO/Recursos/Fondos/blanco.png; sourceTree = "<group>"; };
		D89D30471D043A5E00660E53 /* fondo.jpg */ = {isa = PBXFileReference; lastKnownFileType = image.jpeg; name = fondo.jpg; path = COMPandGO/Recursos/Fondos/fondo.jpg; sourceTree = "<group>"; };
		D89D30481D043A5E00660E53 /* fondo2.jpg */ = {isa = PBXFileReference; lastKnownFileType = image.jpeg; name = fondo2.jpg; path = COMPandGO/Recursos/Fondos/fondo2.jpg; sourceTree = "<group>"; };
		D89D30491D043A5E00660E53 /* FondoLargo.jpg */ = {isa = PBXFileReference; lastKnownFileType = image.jpeg; name = FondoLargo.jpg; path = COMPandGO/Recursos/Fondos/FondoLargo.jpg; sourceTree = "<group>"; };
		D89D304A1D043A5E00660E53 /* FranjaNegra.png */ = {isa = PBXFileReference; lastKnownFileType = image.png; name = FranjaNegra.png; path = COMPandGO/Recursos/Fondos/FranjaNegra.png; sourceTree = "<group>"; };
		D89D304B1D043A5E00660E53 /* gris.png */ = {isa = PBXFileReference; lastKnownFileType = image.png; name = gris.png; path = COMPandGO/Recursos/Fondos/gris.png; sourceTree = "<group>"; };
		D89D304C1D043A5E00660E53 /* logofondo.png */ = {isa = PBXFileReference; lastKnownFileType = image.png; name = logofondo.png; path = COMPandGO/Recursos/Fondos/logofondo.png; sourceTree = "<group>"; };
		D89D304D1D043A5E00660E53 /* peligro.jpg */ = {isa = PBXFileReference; lastKnownFileType = image.jpeg; name = peligro.jpg; path = COMPandGO/Recursos/Fondos/peligro.jpg; sourceTree = "<group>"; };
		D89D30571D043A7700660E53 /* DataPicker.png */ = {isa = PBXFileReference; lastKnownFileType = image.png; name = DataPicker.png; path = COMPandGO/Recursos/Formulario/DataPicker.png; sourceTree = "<group>"; };
		D89D30581D043A7700660E53 /* peligro.png */ = {isa = PBXFileReference; lastKnownFileType = image.png; name = peligro.png; path = COMPandGO/Recursos/Formulario/peligro.png; sourceTree = "<group>"; };
		D89D30591D043A7700660E53 /* peligroAeronave.png */ = {isa = PBXFileReference; lastKnownFileType = image.png; name = peligroAeronave.png; path = COMPandGO/Recursos/Formulario/peligroAeronave.png; sourceTree = "<group>"; };
		D89D305A1D043A7700660E53 /* peligroMeteorologia.png */ = {isa = PBXFileReference; lastKnownFileType = image.png; name = peligroMeteorologia.png; path = COMPandGO/Recursos/Formulario/peligroMeteorologia.png; sourceTree = "<group>"; };
		D89D305B1D043A7700660E53 /* peligroOperador.png */ = {isa = PBXFileReference; lastKnownFileType = image.png; name = peligroOperador.png; path = COMPandGO/Recursos/Formulario/peligroOperador.png; sourceTree = "<group>"; };
		D89D305C1D043A7700660E53 /* peligroRaya.png */ = {isa = PBXFileReference; lastKnownFileType = image.png; name = peligroRaya.png; path = COMPandGO/Recursos/Formulario/peligroRaya.png; sourceTree = "<group>"; };
		D89D305D1D043A7700660E53 /* peligroRestricciones.png */ = {isa = PBXFileReference; lastKnownFileType = image.png; name = peligroRestricciones.png; path = COMPandGO/Recursos/Formulario/peligroRestricciones.png; sourceTree = "<group>"; };
		D89D305E1D043A7700660E53 /* peligroTipoDeVuelo.png */ = {isa = PBXFileReference; lastKnownFileType = image.png; name = peligroTipoDeVuelo.png; path = COMPandGO/Recursos/Formulario/peligroTipoDeVuelo.png; sourceTree = "<group>"; };
		D89D305F1D043A7700660E53 /* peligroTipoOperacion.png */ = {isa = PBXFileReference; lastKnownFileType = image.png; name = peligroTipoOperacion.png; path = COMPandGO/Recursos/Formulario/peligroTipoOperacion.png; sourceTree = "<group>"; };
		D89D30601D043A7700660E53 /* PlanVueloOperacional.jpg */ = {isa = PBXFileReference; lastKnownFileType = image.jpeg; name = PlanVueloOperacional.jpg; path = COMPandGO/Recursos/Formulario/PlanVueloOperacional.jpg; sourceTree = "<group>"; };
		D89D30611D043A7700660E53 /* PlanVueloPreliminar.pdf */ = {isa = PBXFileReference; lastKnownFileType = image.pdf; name = PlanVueloPreliminar.pdf; path = COMPandGO/Recursos/Formulario/PlanVueloPreliminar.pdf; sourceTree = "<group>"; };
		D89D30621D043A7700660E53 /* PV.png */ = {isa = PBXFileReference; lastKnownFileType = image.png; name = PV.png; path = COMPandGO/Recursos/Formulario/PV.png; sourceTree = "<group>"; };
		D89D30701D043A9000660E53 /* click.m4a */ = {isa = PBXFileReference; lastKnownFileType = file; name = click.m4a; path = COMPandGO/Recursos/Sonidos/click.m4a; sourceTree = "<group>"; };
		D89D30711D043A9000660E53 /* pdfsonido.m4a */ = {isa = PBXFileReference; lastKnownFileType = file; name = pdfsonido.m4a; path = COMPandGO/Recursos/Sonidos/pdfsonido.m4a; sourceTree = "<group>"; };
		D89D30721D043A9000660E53 /* PulsaSonido.m4a */ = {isa = PBXFileReference; lastKnownFileType = file; name = PulsaSonido.m4a; path = COMPandGO/Recursos/Sonidos/PulsaSonido.m4a; sourceTree = "<group>"; };
		D89D30771D043AAC00660E53 /* Kelson Sans Light.otf */ = {isa = PBXFileReference; lastKnownFileType = file; name = "Kelson Sans Light.otf"; path = "COMPandGO/Recursos/Tipografias/Kelson Sans Light.otf"; sourceTree = "<group>"; };
		D89D30781D043AAC00660E53 /* Kelson Sans Regular.otf */ = {isa = PBXFileReference; lastKnownFileType = file; name = "Kelson Sans Regular.otf"; path = "COMPandGO/Recursos/Tipografias/Kelson Sans Regular.otf"; sourceTree = "<group>"; };
		D89D30791D043AAC00660E53 /* Panton-BlackCaps.otf */ = {isa = PBXFileReference; lastKnownFileType = file; name = "Panton-BlackCaps.otf"; path = "COMPandGO/Recursos/Tipografias/Panton-BlackCaps.otf"; sourceTree = "<group>"; };
		D89D307A1D043AAC00660E53 /* SpecialElite.ttf */ = {isa = PBXFileReference; lastKnownFileType = file; name = SpecialElite.ttf; path = COMPandGO/Recursos/Tipografias/SpecialElite.ttf; sourceTree = "<group>"; };
		D89D30801D043B3100660E53 /* PrincipalViewController.h */ = {isa = PBXFileReference; fileEncoding = 4; lastKnownFileType = sourcecode.c.h; name = PrincipalViewController.h; path = "COMPandGO/0-Módulo Principal/PrincipalViewController.h"; sourceTree = "<group>"; };
		D89D30811D043B3100660E53 /* PrincipalViewController.m */ = {isa = PBXFileReference; fileEncoding = 4; lastKnownFileType = sourcecode.c.objc; name = PrincipalViewController.m; path = "COMPandGO/0-Módulo Principal/PrincipalViewController.m"; sourceTree = "<group>"; };
		D89D30841D043BDA00660E53 /* Base */ = {isa = PBXFileReference; lastKnownFileType = file.storyboard; name = Base; path = "COMPandGO/0-Módulo Principal/Base.lproj/MainRuta.storyboard"; sourceTree = SOURCE_ROOT; };
		D89D308B1D043C2700660E53 /* Base */ = {isa = PBXFileReference; lastKnownFileType = file.storyboard; name = Base; path = "COMPandGO/0-Módulo Principal/Base.lproj/Main.storyboard"; sourceTree = "<group>"; };
		D89D308F1D043C9800660E53 /* FormularioViewController.h */ = {isa = PBXFileReference; fileEncoding = 4; lastKnownFileType = sourcecode.c.h; name = FormularioViewController.h; path = "COMPandGO/1-DOCUMENTACION/FormularioViewController.h"; sourceTree = "<group>"; };
		D89D30901D043C9800660E53 /* FormularioViewController.m */ = {isa = PBXFileReference; fileEncoding = 4; lastKnownFileType = sourcecode.c.objc; name = FormularioViewController.m; path = "COMPandGO/1-DOCUMENTACION/FormularioViewController.m"; sourceTree = "<group>"; };
		D89D30931D04407400660E53 /* GrabacionViewController.h */ = {isa = PBXFileReference; fileEncoding = 4; lastKnownFileType = sourcecode.c.h; name = GrabacionViewController.h; path = "COMPandGO/2-GRABACION/GrabacionViewController.h"; sourceTree = "<group>"; };
		D89D30941D04407400660E53 /* GrabacionViewController.m */ = {isa = PBXFileReference; fileEncoding = 4; lastKnownFileType = sourcecode.c.objc; name = GrabacionViewController.m; path = "COMPandGO/2-GRABACION/GrabacionViewController.m"; sourceTree = "<group>"; };
		D89D30971D0440F400660E53 /* DJIPlaybackMultiSelectViewController.h */ = {isa = PBXFileReference; fileEncoding = 4; lastKnownFileType = sourcecode.c.h; name = DJIPlaybackMultiSelectViewController.h; path = "COMPandGO/4-GALERIA/DJIPlaybackMultiSelectViewController.h"; sourceTree = "<group>"; };
		D89D30981D0440F400660E53 /* DJIPlaybackMultiSelectViewController.m */ = {isa = PBXFileReference; fileEncoding = 4; lastKnownFileType = sourcecode.c.objc; name = DJIPlaybackMultiSelectViewController.m; path = "COMPandGO/4-GALERIA/DJIPlaybackMultiSelectViewController.m"; sourceTree = "<group>"; };
		D89D30991D0440F400660E53 /* GaleriaViewController.h */ = {isa = PBXFileReference; fileEncoding = 4; lastKnownFileType = sourcecode.c.h; name = GaleriaViewController.h; path = "COMPandGO/4-GALERIA/GaleriaViewController.h"; sourceTree = "<group>"; };
		D89D309A1D0440F400660E53 /* GaleriaViewController.m */ = {isa = PBXFileReference; fileEncoding = 4; lastKnownFileType = sourcecode.c.objc; name = GaleriaViewController.m; path = "COMPandGO/4-GALERIA/GaleriaViewController.m"; sourceTree = "<group>"; };
		D89D30A01D04414400660E53 /* AyudaViewController.h */ = {isa = PBXFileReference; fileEncoding = 4; lastKnownFileType = sourcecode.c.h; name = AyudaViewController.h; path = "COMPandGO/5-AYUDA/AyudaViewController.h"; sourceTree = "<group>"; };
		D89D30A11D04414400660E53 /* AyudaViewController.m */ = {isa = PBXFileReference; fileEncoding = 4; lastKnownFileType = sourcecode.c.objc; name = AyudaViewController.m; path = "COMPandGO/5-AYUDA/AyudaViewController.m"; sourceTree = "<group>"; };
		D8CF54E71D0476B1008829D7 /* DJIPlaybackMultiSelectViewController_iPad.xib */ = {isa = PBXFileReference; fileEncoding = 4; lastKnownFileType = file.xib; name = DJIPlaybackMultiSelectViewController_iPad.xib; path = "COMPandGO/4-GALERIA/xibs/DJIPlaybackMultiSelectViewController_iPad.xib"; sourceTree = "<group>"; };
		D8CF54E81D0476B1008829D7 /* DJIPlaybackMultiSelectViewController_iPhone6.xib */ = {isa = PBXFileReference; fileEncoding = 4; lastKnownFileType = file.xib; name = DJIPlaybackMultiSelectViewController_iPhone6.xib; path = "COMPandGO/4-GALERIA/xibs/DJIPlaybackMultiSelectViewController_iPhone6.xib"; sourceTree = "<group>"; };
		D8CF54E91D0476B1008829D7 /* DJIPlaybackMultiSelectViewController_iPhone6+.xib */ = {isa = PBXFileReference; fileEncoding = 4; lastKnownFileType = file.xib; name = "DJIPlaybackMultiSelectViewController_iPhone6+.xib"; path = "COMPandGO/4-GALERIA/xibs/DJIPlaybackMultiSelectViewController_iPhone6+.xib"; sourceTree = "<group>"; };
		D8CF54EF1D04AEC7008829D7 /* ayuda1.png */ = {isa = PBXFileReference; lastKnownFileType = image.png; name = ayuda1.png; path = COMPandGO/Recursos/Formulario/ayuda1.png; sourceTree = "<group>"; };
		D8CF54F11D04B492008829D7 /* ayuda2.png */ = {isa = PBXFileReference; lastKnownFileType = image.png; name = ayuda2.png; path = COMPandGO/Recursos/Formulario/ayuda2.png; sourceTree = "<group>"; };
		D8CF54F31D04B63F008829D7 /* ayuda3.png */ = {isa = PBXFileReference; lastKnownFileType = image.png; name = ayuda3.png; path = COMPandGO/Recursos/Formulario/ayuda3.png; sourceTree = "<group>"; };
		D8CF54F51D05C5FB008829D7 /* ayuda4.png */ = {isa = PBXFileReference; lastKnownFileType = image.png; name = ayuda4.png; path = COMPandGO/Recursos/Formulario/ayuda4.png; sourceTree = "<group>"; };
		D8CF54F71D05C954008829D7 /* ayuda5.png */ = {isa = PBXFileReference; lastKnownFileType = image.png; name = ayuda5.png; path = COMPandGO/Recursos/Formulario/ayuda5.png; sourceTree = "<group>"; };
		D8CF54F91D05CB60008829D7 /* ayuda6.png */ = {isa = PBXFileReference; lastKnownFileType = image.png; name = ayuda6.png; path = COMPandGO/Recursos/Formulario/ayuda6.png; sourceTree = "<group>"; };
		D8CF54FB1D05CCA7008829D7 /* ayuda7.png */ = {isa = PBXFileReference; lastKnownFileType = image.png; name = ayuda7.png; path = COMPandGO/Recursos/Formulario/ayuda7.png; sourceTree = "<group>"; };
		D8CF54FD1D05D50A008829D7 /* Botoncierra2.png */ = {isa = PBXFileReference; lastKnownFileType = image.png; name = Botoncierra2.png; path = COMPandGO/Recursos/Botones/Botoncierra2.png; sourceTree = "<group>"; };
		D8CF54FF1D05D9C4008829D7 /* SonidoCreaPdf.m4a */ = {isa = PBXFileReference; lastKnownFileType = file; name = SonidoCreaPdf.m4a; path = COMPandGO/Recursos/Sonidos/SonidoCreaPdf.m4a; sourceTree = "<group>"; };
		D8CF55011D0607C6008829D7 /* Launch1.png */ = {isa = PBXFileReference; lastKnownFileType = image.png; name = Launch1.png; path = COMPandGO/Recursos/Launch/Launch1.png; sourceTree = "<group>"; };
		D8CF55021D0607C6008829D7 /* Launch2.png */ = {isa = PBXFileReference; lastKnownFileType = image.png; name = Launch2.png; path = COMPandGO/Recursos/Launch/Launch2.png; sourceTree = "<group>"; };
		D8CF55031D0607C6008829D7 /* Launch3.png */ = {isa = PBXFileReference; lastKnownFileType = image.png; name = Launch3.png; path = COMPandGO/Recursos/Launch/Launch3.png; sourceTree = "<group>"; };
		D8CF55041D0607C6008829D7 /* Launch4.png */ = {isa = PBXFileReference; lastKnownFileType = image.png; name = Launch4.png; path = COMPandGO/Recursos/Launch/Launch4.png; sourceTree = "<group>"; };
		D8CF55061D0607C6008829D7 /* Launch6.png */ = {isa = PBXFileReference; lastKnownFileType = image.png; name = Launch6.png; path = COMPandGO/Recursos/Launch/Launch6.png; sourceTree = "<group>"; };
		D8CF55111D060A81008829D7 /* InicioViewController.h */ = {isa = PBXFileReference; fileEncoding = 4; lastKnownFileType = sourcecode.c.h; name = InicioViewController.h; path = COMPandGO/InicioViewController.h; sourceTree = "<group>"; };
		D8CF55121D060A81008829D7 /* InicioViewController.m */ = {isa = PBXFileReference; fileEncoding = 4; lastKnownFileType = sourcecode.c.objc; name = InicioViewController.m; path = COMPandGO/InicioViewController.m; sourceTree = "<group>"; };
		D8CF55141D07103E008829D7 /* Launch5.png */ = {isa = PBXFileReference; lastKnownFileType = image.png; name = Launch5.png; path = COMPandGO/Recursos/Launch/Launch5.png; sourceTree = "<group>"; };
		D8CF55191D0716C5008829D7 /* Autor.png */ = {isa = PBXFileReference; lastKnownFileType = image.png; name = Autor.png; path = COMPandGO/Recursos/Launch/Autor.png; sourceTree = "<group>"; };
		D8CF551B1D0719D3008829D7 /* Titulo.png */ = {isa = PBXFileReference; lastKnownFileType = image.png; name = Titulo.png; path = COMPandGO/Recursos/Launch/Titulo.png; sourceTree = "<group>"; };
		D8CF551D1D071ECB008829D7 /* launch.png */ = {isa = PBXFileReference; lastKnownFileType = image.png; name = launch.png; path = COMPandGO/Recursos/Fondos/launch.png; sourceTree = "<group>"; };
		D8CF551F1D071F39008829D7 /* launchx1.png */ = {isa = PBXFileReference; lastKnownFileType = image.png; name = launchx1.png; path = COMPandGO/Recursos/Fondos/launchx1.png; sourceTree = "<group>"; };
		D8CF55211D072003008829D7 /* portraitx2.png */ = {isa = PBXFileReference; lastKnownFileType = image.png; name = portraitx2.png; path = COMPandGO/Recursos/Fondos/portraitx2.png; sourceTree = "<group>"; };
		D8CF55231D07202E008829D7 /* portraitx1.png */ = {isa = PBXFileReference; lastKnownFileType = image.png; name = portraitx1.png; path = COMPandGO/Recursos/Fondos/portraitx1.png; sourceTree = "<group>"; };
		D8CF55281D0725B4008829D7 /* WebViewController.h */ = {isa = PBXFileReference; fileEncoding = 4; lastKnownFileType = sourcecode.c.h; name = WebViewController.h; path = "COMPandGO/5-AYUDA/WebViewController.h"; sourceTree = "<group>"; };
		D8CF55291D0725B4008829D7 /* WebViewController.m */ = {isa = PBXFileReference; fileEncoding = 4; lastKnownFileType = sourcecode.c.objc; name = WebViewController.m; path = "COMPandGO/5-AYUDA/WebViewController.m"; sourceTree = "<group>"; };
		D8CF552B1D073C89008829D7 /* inicio.m4a */ = {isa = PBXFileReference; lastKnownFileType = file; name = inicio.m4a; path = COMPandGO/Recursos/Sonidos/inicio.m4a; sourceTree = "<group>"; };
/* End PBXFileReference section */

/* Begin PBXFrameworksBuildPhase section */
		A4E86B6F1B4A374300F204DA /* Frameworks */ = {
			isa = PBXFrameworksBuildPhase;
			buildActionMask = 2147483647;
			files = (
				D89D30201D0437CF00660E53 /* MessageUI.framework in Frameworks */,
				D89D301E1D0437C900660E53 /* AudioToolbox.framework in Frameworks */,
				A4507F221CB505600037861C /* libstdc++.6.0.9.tbd in Frameworks */,
				D89D300D1D042F2F00660E53 /* DJISDK.framework in Frameworks */,
				A4507F201CB5054A0037861C /* libz.tbd in Frameworks */,
				D89D30181D04375800660E53 /* VideoPreviewer.framework in Frameworks */,
				A4F9574C1B4ADD570017733D /* MapKit.framework in Frameworks */,
			);
			runOnlyForDeploymentPostprocessing = 0;
		};
		A4E86B881B4A374300F204DA /* Frameworks */ = {
			isa = PBXFrameworksBuildPhase;
			buildActionMask = 2147483647;
			files = (
			);
			runOnlyForDeploymentPostprocessing = 0;
		};
/* End PBXFrameworksBuildPhase section */

/* Begin PBXGroup section */
		A4507F2D1CB506F20037861C /* DemoUtility */ = {
			isa = PBXGroup;
			children = (
				A4507F2E1CB506F20037861C /* DemoUtility.h */,
				A4507F2F1CB506F20037861C /* DemoUtility.m */,
			);
			path = DemoUtility;
			sourceTree = "<group>";
		};
		A4E86B691B4A374300F204DA = {
			isa = PBXGroup;
			children = (
				D89D30101D0432E500660E53 /* 0-Módulo Principal */,
				D89D30921D043C9B00660E53 /* 1-Documentación */,
				D89D30961D04407A00660E53 /* 2-Grabación */,
				A4E86B741B4A374300F204DA /* 3-Misión */,
				D89D309F1D0440FE00660E53 /* 4-Galería */,
				D89D30A31D04414800660E53 /* 5-Ayuda */,
				D89D30111D0433D100660E53 /* Recursos */,
				A4E86B9B1B4A56C600F204DA /* Frameworks */,
				A4E86B8E1B4A374300F204DA /* COMPandGOTest */,
				A4E86B731B4A374300F204DA /* Products */,
			);
			sourceTree = "<group>";
		};
		A4E86B731B4A374300F204DA /* Products */ = {
			isa = PBXGroup;
			children = (
				A4E86B721B4A374300F204DA /* COMPandGO.app */,
				A4E86B8B1B4A374300F204DA /* COMPandGO.xctest */,
			);
			name = Products;
			sourceTree = "<group>";
		};
		A4E86B741B4A374300F204DA /* 3-Misión */ = {
			isa = PBXGroup;
			children = (
				A4E86B841B4A374300F204DA /* LaunchScreen.xib */,
				D89D30831D043BDA00660E53 /* MainRuta.storyboard */,
				A402A06E1B4BC22400129605 /* DJIRootViewController.h */,
				A402A06F1B4BC22400129605 /* DJIRootViewController.m */,
				A402A0761B4BDAE400129605 /* DJIAircraftAnnotation.h */,
				A402A0771B4BDAE400129605 /* DJIAircraftAnnotation.m */,
				A402A0781B4BDAE400129605 /* DJIAircraftAnnotationView.h */,
				A402A0791B4BDAE400129605 /* DJIAircraftAnnotationView.m */,
				A402A0711B4BC43800129605 /* DJIMapController.h */,
				A402A0721B4BC43800129605 /* DJIMapController.m */,
				A4507F231CB506D40037861C /* DJIGSButtonViewController.h */,
				A4507F241CB506D40037861C /* DJIGSButtonViewController.m */,
				A4507F251CB506D40037861C /* DJIGSButtonViewController.xib */,
				A4507F261CB506D40037861C /* DJIWaypointConfigViewController.h */,
				A4507F271CB506D40037861C /* DJIWaypointConfigViewController.m */,
				A4507F281CB506D40037861C /* DJIWaypointConfigViewController.xib */,
				A4E86B751B4A374300F204DA /* Supporting Files */,
				A4507F2D1CB506F20037861C /* DemoUtility */,
			);
			name = "3-Misión";
			path = "COMPandGO/3-MISION";
			sourceTree = "<group>";
		};
		A4E86B751B4A374300F204DA /* Supporting Files */ = {
			isa = PBXGroup;
			children = (
				0203E5861C9C0B5F00A69BCF /* COMPandGO-pch.pch */,
				A4E86B771B4A374300F204DA /* main.m */,
			);
			name = "Supporting Files";
			sourceTree = "<group>";
		};
		A4E86B8E1B4A374300F204DA /* COMPandGOTest */ = {
			isa = PBXGroup;
			children = (
				A4E86B901B4A374300F204DA /* Info.plist */,
				A4E86B911B4A374300F204DA /* COMPandGOTest.m */,
				A4E86B8F1B4A374300F204DA /* Supporting Files */,
			);
			path = COMPandGOTest;
			sourceTree = "<group>";
		};
		A4E86B8F1B4A374300F204DA /* Supporting Files */ = {
			isa = PBXGroup;
			children = (
			);
			name = "Supporting Files";
			sourceTree = "<group>";
		};
		A4E86B9B1B4A56C600F204DA /* Frameworks */ = {
			isa = PBXGroup;
			children = (
				D89D301F1D0437CF00660E53 /* MessageUI.framework */,
				D89D301D1D0437C900660E53 /* AudioToolbox.framework */,
				D89D30121D04374A00660E53 /* VideoPreviewer.xcodeproj */,
				A4F9574B1B4ADD570017733D /* MapKit.framework */,
				D89D300B1D042D8B00660E53 /* DJISDK.framework */,
				A4507F211CB505600037861C /* libstdc++.6.0.9.tbd */,
				A4507F1F1CB5054A0037861C /* libz.tbd */,
			);
			name = Frameworks;
			path = GSDemo;
			sourceTree = "<group>";
		};
		D89D30101D0432E500660E53 /* 0-Módulo Principal */ = {
			isa = PBXGroup;
			children = (
				D8CF55111D060A81008829D7 /* InicioViewController.h */,
				D8CF55121D060A81008829D7 /* InicioViewController.m */,
				D89D308A1D043C2700660E53 /* Main.storyboard */,
				D89D30801D043B3100660E53 /* PrincipalViewController.h */,
				D89D30811D043B3100660E53 /* PrincipalViewController.m */,
				A4E86B761B4A374300F204DA /* Info.plist */,
				A4E86B791B4A374300F204DA /* AppDelegate.h */,
				A4E86B7A1B4A374300F204DA /* AppDelegate.m */,
				A4E86B821B4A374300F204DA /* Images.xcassets */,
			);
			name = "0-Módulo Principal";
			sourceTree = "<group>";
		};
		D89D30111D0433D100660E53 /* Recursos */ = {
			isa = PBXGroup;
			children = (
				D8CF55251D07204B008829D7 /* LaunchImagen */,
				D8CF550D1D0607CD008829D7 /* Launch */,
				D89D307F1D043AB200660E53 /* Tipografias */,
				D89D30761D043A9800660E53 /* Sonidos */,
				D89D306F1D043A7C00660E53 /* Formaulario */,
				D89D30561D043A6500660E53 /* Fondos */,
				D89D30451D043A3100660E53 /* Botones */,
			);
			name = Recursos;
			sourceTree = "<group>";
		};
		D89D30131D04374A00660E53 /* Products */ = {
			isa = PBXGroup;
			children = (
				D89D30171D04374A00660E53 /* VideoPreviewer.framework */,
			);
			name = Products;
			sourceTree = "<group>";
		};
		D89D30451D043A3100660E53 /* Botones */ = {
			isa = PBXGroup;
			children = (
				D89D30211D043A2600660E53 /* BotobGaleriaGrande.png */,
				D89D30221D043A2600660E53 /* BotonCierra.png */,
				D89D30231D043A2600660E53 /* BotonCreaRutaGrande.png */,
				D89D30241D043A2600660E53 /* BotonDocuemntosGrande.png */,
				D89D30251D043A2600660E53 /* botongaleria.png */,
				D89D30261D043A2600660E53 /* calendarSP.png */,
				D89D30271D043A2600660E53 /* Camara.png */,
				D89D30281D043A2600660E53 /* IconoAyuda.png */,
				D89D30291D043A2600660E53 /* iconoCreaPdf.png */,
				D89D302A1D043A2600660E53 /* iconoCreaPdf2.png */,
				D89D302B1D043A2600660E53 /* IconoCreaPfd.png */,
				D89D302C1D043A2600660E53 /* IconoEmail.png */,
				D89D302D1D043A2600660E53 /* IconoSigue.png */,
				D89D302E1D043A2600660E53 /* IconoVerPfd.png */,
				D89D302F1D043A2600660E53 /* IconoVuleve.png */,
				D89D30301D043A2600660E53 /* Pdf.png */,
				D89D30311D043A2600660E53 /* playVideo.png */,
				D89D30321D043A2600660E53 /* SigueIcono.png */,
				D89D30051D042BAC00660E53 /* Default-568h@2x.png */,
			);
			name = Botones;
			sourceTree = "<group>";
		};
		D89D30561D043A6500660E53 /* Fondos */ = {
			isa = PBXGroup;
			children = (
				D89D30461D043A5E00660E53 /* blanco.png */,
				D89D30471D043A5E00660E53 /* fondo.jpg */,
				D89D30481D043A5E00660E53 /* fondo2.jpg */,
				D89D30491D043A5E00660E53 /* FondoLargo.jpg */,
				D89D304A1D043A5E00660E53 /* FranjaNegra.png */,
				D89D304B1D043A5E00660E53 /* gris.png */,
				D89D304C1D043A5E00660E53 /* logofondo.png */,
				D89D304D1D043A5E00660E53 /* peligro.jpg */,
			);
			name = Fondos;
			sourceTree = "<group>";
		};
		D89D306F1D043A7C00660E53 /* Formaulario */ = {
			isa = PBXGroup;
			children = (
				D8CF54FD1D05D50A008829D7 /* Botoncierra2.png */,
				D8CF54FB1D05CCA7008829D7 /* ayuda7.png */,
				D8CF54F91D05CB60008829D7 /* ayuda6.png */,
				D8CF54F71D05C954008829D7 /* ayuda5.png */,
				D8CF54F51D05C5FB008829D7 /* ayuda4.png */,
				D8CF54F31D04B63F008829D7 /* ayuda3.png */,
				D8CF54F11D04B492008829D7 /* ayuda2.png */,
				D8CF54EF1D04AEC7008829D7 /* ayuda1.png */,
				D89D30571D043A7700660E53 /* DataPicker.png */,
				D89D30581D043A7700660E53 /* peligro.png */,
				D89D30591D043A7700660E53 /* peligroAeronave.png */,
				D89D305A1D043A7700660E53 /* peligroMeteorologia.png */,
				D89D305B1D043A7700660E53 /* peligroOperador.png */,
				D89D305C1D043A7700660E53 /* peligroRaya.png */,
				D89D305D1D043A7700660E53 /* peligroRestricciones.png */,
				D89D305E1D043A7700660E53 /* peligroTipoDeVuelo.png */,
				D89D305F1D043A7700660E53 /* peligroTipoOperacion.png */,
				D89D30601D043A7700660E53 /* PlanVueloOperacional.jpg */,
				D89D30611D043A7700660E53 /* PlanVueloPreliminar.pdf */,
				D89D30621D043A7700660E53 /* PV.png */,
			);
			name = Formaulario;
			sourceTree = "<group>";
		};
		D89D30761D043A9800660E53 /* Sonidos */ = {
			isa = PBXGroup;
			children = (
				D8CF552B1D073C89008829D7 /* inicio.m4a */,
				D8CF54FF1D05D9C4008829D7 /* SonidoCreaPdf.m4a */,
				D89D30701D043A9000660E53 /* click.m4a */,
				D89D30711D043A9000660E53 /* pdfsonido.m4a */,
				D89D30721D043A9000660E53 /* PulsaSonido.m4a */,
			);
			name = Sonidos;
			sourceTree = "<group>";
		};
		D89D307F1D043AB200660E53 /* Tipografias */ = {
			isa = PBXGroup;
			children = (
				D89D30771D043AAC00660E53 /* Kelson Sans Light.otf */,
				D89D30781D043AAC00660E53 /* Kelson Sans Regular.otf */,
				D89D30791D043AAC00660E53 /* Panton-BlackCaps.otf */,
				D89D307A1D043AAC00660E53 /* SpecialElite.ttf */,
			);
			name = Tipografias;
			sourceTree = "<group>";
		};
		D89D30921D043C9B00660E53 /* 1-Documentación */ = {
			isa = PBXGroup;
			children = (
				D89D308F1D043C9800660E53 /* FormularioViewController.h */,
				D89D30901D043C9800660E53 /* FormularioViewController.m */,
			);
			name = "1-Documentación";
			sourceTree = "<group>";
		};
		D89D30961D04407A00660E53 /* 2-Grabación */ = {
			isa = PBXGroup;
			children = (
				D89D30931D04407400660E53 /* GrabacionViewController.h */,
				D89D30941D04407400660E53 /* GrabacionViewController.m */,
			);
			name = "2-Grabación";
			sourceTree = "<group>";
		};
		D89D309F1D0440FE00660E53 /* 4-Galería */ = {
			isa = PBXGroup;
			children = (
				D8CF54ED1D0476B6008829D7 /* xibs */,
				D89D30971D0440F400660E53 /* DJIPlaybackMultiSelectViewController.h */,
				D89D30981D0440F400660E53 /* DJIPlaybackMultiSelectViewController.m */,
				D89D30991D0440F400660E53 /* GaleriaViewController.h */,
				D89D309A1D0440F400660E53 /* GaleriaViewController.m */,
			);
			name = "4-Galería";
			sourceTree = "<group>";
		};
		D89D30A31D04414800660E53 /* 5-Ayuda */ = {
			isa = PBXGroup;
			children = (
				D8CF55281D0725B4008829D7 /* WebViewController.h */,
				D8CF55291D0725B4008829D7 /* WebViewController.m */,
				D89D30A01D04414400660E53 /* AyudaViewController.h */,
				D89D30A11D04414400660E53 /* AyudaViewController.m */,
			);
			name = "5-Ayuda";
			sourceTree = "<group>";
		};
		D8CF54ED1D0476B6008829D7 /* xibs */ = {
			isa = PBXGroup;
			children = (
				D8CF54E71D0476B1008829D7 /* DJIPlaybackMultiSelectViewController_iPad.xib */,
				D8CF54E81D0476B1008829D7 /* DJIPlaybackMultiSelectViewController_iPhone6.xib */,
				D8CF54E91D0476B1008829D7 /* DJIPlaybackMultiSelectViewController_iPhone6+.xib */,
			);
			name = xibs;
			sourceTree = "<group>";
		};
		D8CF550D1D0607CD008829D7 /* Launch */ = {
			isa = PBXGroup;
			children = (
				D8CF551B1D0719D3008829D7 /* Titulo.png */,
				D8CF55191D0716C5008829D7 /* Autor.png */,
				D8CF55011D0607C6008829D7 /* Launch1.png */,
				D8CF55021D0607C6008829D7 /* Launch2.png */,
				D8CF55031D0607C6008829D7 /* Launch3.png */,
				D8CF55041D0607C6008829D7 /* Launch4.png */,
				D8CF55141D07103E008829D7 /* Launch5.png */,
				D8CF55061D0607C6008829D7 /* Launch6.png */,
			);
			name = Launch;
			sourceTree = "<group>";
		};
		D8CF55251D07204B008829D7 /* LaunchImagen */ = {
			isa = PBXGroup;
			children = (
				D8CF55231D07202E008829D7 /* portraitx1.png */,
				D8CF55211D072003008829D7 /* portraitx2.png */,
				D8CF551F1D071F39008829D7 /* launchx1.png */,
				D8CF551D1D071ECB008829D7 /* launch.png */,
			);
			name = LaunchImagen;
			sourceTree = "<group>";
		};
/* End PBXGroup section */

/* Begin PBXNativeTarget section */
		A4E86B711B4A374300F204DA /* COMPandGO */ = {
			isa = PBXNativeTarget;
			buildConfigurationList = A4E86B951B4A374300F204DA /* Build configuration list for PBXNativeTarget "COMPandGO" */;
			buildPhases = (
				A4E86B6E1B4A374300F204DA /* Sources */,
				A4E86B6F1B4A374300F204DA /* Frameworks */,
				A4E86B701B4A374300F204DA /* Resources */,
				0203E5871C9C0C7500A69BCF /* CopyFiles */,
			);
			buildRules = (
			);
			dependencies = (
				D89D301B1D04375800660E53 /* PBXTargetDependency */,
			);
			name = COMPandGO;
			productName = GSDemo;
			productReference = A4E86B721B4A374300F204DA /* COMPandGO.app */;
			productType = "com.apple.product-type.application";
		};
		A4E86B8A1B4A374300F204DA /* COMPandGOTests */ = {
			isa = PBXNativeTarget;
			buildConfigurationList = A4E86B981B4A374300F204DA /* Build configuration list for PBXNativeTarget "COMPandGOTests" */;
			buildPhases = (
				A4E86B871B4A374300F204DA /* Sources */,
				A4E86B881B4A374300F204DA /* Frameworks */,
				A4E86B891B4A374300F204DA /* Resources */,
			);
			buildRules = (
			);
			dependencies = (
				A4E86B8D1B4A374300F204DA /* PBXTargetDependency */,
			);
			name = COMPandGOTests;
			productName = GSDemoTests;
			productReference = A4E86B8B1B4A374300F204DA /* COMPandGO.xctest */;
			productType = "com.apple.product-type.bundle.unit-test";
		};
/* End PBXNativeTarget section */

/* Begin PBXProject section */
		A4E86B6A1B4A374300F204DA /* Project object */ = {
			isa = PBXProject;
			attributes = {
				LastUpgradeCheck = 0730;
				ORGANIZATIONNAME = DJI;
				TargetAttributes = {
					A4E86B711B4A374300F204DA = {
						CreatedOnToolsVersion = 6.3;
						DevelopmentTeam = 232M8S4555;
					};
					A4E86B8A1B4A374300F204DA = {
						CreatedOnToolsVersion = 6.3;
						TestTargetID = A4E86B711B4A374300F204DA;
					};
				};
			};
			buildConfigurationList = A4E86B6D1B4A374300F204DA /* Build configuration list for PBXProject "COMPandGO" */;
			compatibilityVersion = "Xcode 3.2";
			developmentRegion = English;
			hasScannedForEncodings = 0;
			knownRegions = (
				en,
				Base,
			);
			mainGroup = A4E86B691B4A374300F204DA;
			productRefGroup = A4E86B731B4A374300F204DA /* Products */;
			projectDirPath = "";
			projectReferences = (
				{
					ProductGroup = D89D30131D04374A00660E53 /* Products */;
					ProjectRef = D89D30121D04374A00660E53 /* VideoPreviewer.xcodeproj */;
				},
			);
			projectRoot = "";
			targets = (
				A4E86B711B4A374300F204DA /* COMPandGO */,
				A4E86B8A1B4A374300F204DA /* COMPandGOTests */,
			);
		};
/* End PBXProject section */

/* Begin PBXReferenceProxy section */
		D89D30171D04374A00660E53 /* VideoPreviewer.framework */ = {
			isa = PBXReferenceProxy;
			fileType = wrapper.framework;
			path = VideoPreviewer.framework;
			remoteRef = D89D30161D04374A00660E53 /* PBXContainerItemProxy */;
			sourceTree = BUILT_PRODUCTS_DIR;
		};
/* End PBXReferenceProxy section */

/* Begin PBXResourcesBuildPhase section */
		A4E86B701B4A374300F204DA /* Resources */ = {
			isa = PBXResourcesBuildPhase;
			buildActionMask = 2147483647;
			files = (
				D89D30511D043A5E00660E53 /* FondoLargo.jpg in Resources */,
				D89D30681D043A7700660E53 /* peligroRaya.png in Resources */,
				D89D307C1D043AAC00660E53 /* Kelson Sans Regular.otf in Resources */,
				D89D30431D043A2600660E53 /* playVideo.png in Resources */,
				D89D30741D043A9000660E53 /* pdfsonido.m4a in Resources */,
				D8CF55151D07103E008829D7 /* Launch5.png in Resources */,
				D8CF54F41D04B63F008829D7 /* ayuda3.png in Resources */,
				D89D306B1D043A7700660E53 /* peligroTipoOperacion.png in Resources */,
				D89D306A1D043A7700660E53 /* peligroTipoDeVuelo.png in Resources */,
				D89D303E1D043A2600660E53 /* IconoEmail.png in Resources */,
				D89D303B1D043A2600660E53 /* iconoCreaPdf.png in Resources */,
				A4507F2C1CB506D40037861C /* DJIWaypointConfigViewController.xib in Resources */,
				D89D30731D043A9000660E53 /* click.m4a in Resources */,
				D8CF55001D05D9C4008829D7 /* SonidoCreaPdf.m4a in Resources */,
				D89D304E1D043A5E00660E53 /* blanco.png in Resources */,
				D8CF55241D07202E008829D7 /* portraitx1.png in Resources */,
				D8CF551E1D071ECB008829D7 /* launch.png in Resources */,
				D8CF54FA1D05CB60008829D7 /* ayuda6.png in Resources */,
				D89D303C1D043A2600660E53 /* iconoCreaPdf2.png in Resources */,
				D8CF550C1D0607C6008829D7 /* Launch6.png in Resources */,
				D89D303D1D043A2600660E53 /* IconoCreaPfd.png in Resources */,
				D89D30361D043A2600660E53 /* BotonDocuemntosGrande.png in Resources */,
				D8CF54F01D04AEC7008829D7 /* ayuda1.png in Resources */,
				D89D30631D043A7700660E53 /* DataPicker.png in Resources */,
				D89D306D1D043A7700660E53 /* PlanVueloPreliminar.pdf in Resources */,
				D89D30661D043A7700660E53 /* peligroMeteorologia.png in Resources */,
				D89D30501D043A5E00660E53 /* fondo2.jpg in Resources */,
				D8CF54F61D05C5FB008829D7 /* ayuda4.png in Resources */,
				D8CF54F81D05C955008829D7 /* ayuda5.png in Resources */,
				D89D30391D043A2600660E53 /* Camara.png in Resources */,
				D89D30691D043A7700660E53 /* peligroRestricciones.png in Resources */,
				D89D307B1D043AAC00660E53 /* Kelson Sans Light.otf in Resources */,
				D8CF551C1D0719D3008829D7 /* Titulo.png in Resources */,
				D8CF55071D0607C6008829D7 /* Launch1.png in Resources */,
				D89D30851D043BDA00660E53 /* MainRuta.storyboard in Resources */,
				D89D30551D043A5F00660E53 /* peligro.jpg in Resources */,
				D8CF54EB1D0476B1008829D7 /* DJIPlaybackMultiSelectViewController_iPhone6.xib in Resources */,
				D8CF55091D0607C6008829D7 /* Launch3.png in Resources */,
				D89D30371D043A2600660E53 /* botongaleria.png in Resources */,
				D8CF550A1D0607C6008829D7 /* Launch4.png in Resources */,
				D89D306C1D043A7700660E53 /* PlanVueloOperacional.jpg in Resources */,
				D89D30341D043A2600660E53 /* BotonCierra.png in Resources */,
				D89D306E1D043A7700660E53 /* PV.png in Resources */,
				D8CF54EC1D0476B1008829D7 /* DJIPlaybackMultiSelectViewController_iPhone6+.xib in Resources */,
				A4E86B861B4A374300F204DA /* LaunchScreen.xib in Resources */,
				D89D307E1D043AAC00660E53 /* SpecialElite.ttf in Resources */,
				D89D30411D043A2600660E53 /* IconoVuleve.png in Resources */,
				D89D307D1D043AAC00660E53 /* Panton-BlackCaps.otf in Resources */,
				D89D308E1D043C2700660E53 /* Main.storyboard in Resources */,
				D8CF551A1D0716C5008829D7 /* Autor.png in Resources */,
				D89D30381D043A2600660E53 /* calendarSP.png in Resources */,
				D89D303F1D043A2600660E53 /* IconoSigue.png in Resources */,
				D8CF54F21D04B492008829D7 /* ayuda2.png in Resources */,
				A4507F2A1CB506D40037861C /* DJIGSButtonViewController.xib in Resources */,
				D8CF54FE1D05D50A008829D7 /* Botoncierra2.png in Resources */,
				D89D30351D043A2600660E53 /* BotonCreaRutaGrande.png in Resources */,
				D89D30641D043A7700660E53 /* peligro.png in Resources */,
				D8CF54EA1D0476B1008829D7 /* DJIPlaybackMultiSelectViewController_iPad.xib in Resources */,
				D8CF552C1D073C89008829D7 /* inicio.m4a in Resources */,
				D89D30421D043A2600660E53 /* Pdf.png in Resources */,
				D89D30541D043A5F00660E53 /* logofondo.png in Resources */,
				D8CF55081D0607C6008829D7 /* Launch2.png in Resources */,
				A4E86B831B4A374300F204DA /* Images.xcassets in Resources */,
				D8CF55201D071F39008829D7 /* launchx1.png in Resources */,
				D8CF55221D072003008829D7 /* portraitx2.png in Resources */,
				D89D30521D043A5E00660E53 /* FranjaNegra.png in Resources */,
				D89D30061D042BAC00660E53 /* Default-568h@2x.png in Resources */,
				D89D30401D043A2600660E53 /* IconoVerPfd.png in Resources */,
				D89D30331D043A2600660E53 /* BotobGaleriaGrande.png in Resources */,
				D89D30751D043A9000660E53 /* PulsaSonido.m4a in Resources */,
				D89D30651D043A7700660E53 /* peligroAeronave.png in Resources */,
				D8CF54FC1D05CCA7008829D7 /* ayuda7.png in Resources */,
				D89D30531D043A5F00660E53 /* gris.png in Resources */,
				D89D30441D043A2600660E53 /* SigueIcono.png in Resources */,
				D89D304F1D043A5E00660E53 /* fondo.jpg in Resources */,
				D89D303A1D043A2600660E53 /* IconoAyuda.png in Resources */,
				D89D30671D043A7700660E53 /* peligroOperador.png in Resources */,
			);
			runOnlyForDeploymentPostprocessing = 0;
		};
		A4E86B891B4A374300F204DA /* Resources */ = {
			isa = PBXResourcesBuildPhase;
			buildActionMask = 2147483647;
			files = (
			);
			runOnlyForDeploymentPostprocessing = 0;
		};
/* End PBXResourcesBuildPhase section */

/* Begin PBXSourcesBuildPhase section */
		A4E86B6E1B4A374300F204DA /* Sources */ = {
			isa = PBXSourcesBuildPhase;
			buildActionMask = 2147483647;
			files = (
				A4507F301CB506F20037861C /* DemoUtility.m in Sources */,
				D89D309C1D0440F400660E53 /* DJIPlaybackMultiSelectViewController.m in Sources */,
				A402A07A1B4BDAE400129605 /* DJIAircraftAnnotation.m in Sources */,
				A4507F2B1CB506D40037861C /* DJIWaypointConfigViewController.m in Sources */,
				A402A0701B4BC22400129605 /* DJIRootViewController.m in Sources */,
				D89D30911D043C9800660E53 /* FormularioViewController.m in Sources */,
				D89D309D1D0440F400660E53 /* GaleriaViewController.m in Sources */,
				D89D30A21D04414400660E53 /* AyudaViewController.m in Sources */,
				D8CF552A1D0725B4008829D7 /* WebViewController.m in Sources */,
				D89D30951D04407400660E53 /* GrabacionViewController.m in Sources */,
				A4507F291CB506D40037861C /* DJIGSButtonViewController.m in Sources */,
				D89D30821D043B3100660E53 /* PrincipalViewController.m in Sources */,
				D8CF55131D060A81008829D7 /* InicioViewController.m in Sources */,
				A402A0741B4BC43800129605 /* DJIMapController.m in Sources */,
				A402A07B1B4BDAE400129605 /* DJIAircraftAnnotationView.m in Sources */,
				A4E86B7B1B4A374300F204DA /* AppDelegate.m in Sources */,
				A4E86B781B4A374300F204DA /* main.m in Sources */,
			);
			runOnlyForDeploymentPostprocessing = 0;
		};
		A4E86B871B4A374300F204DA /* Sources */ = {
			isa = PBXSourcesBuildPhase;
			buildActionMask = 2147483647;
			files = (
				A4E86B921B4A374300F204DA /* COMPandGOTest.m in Sources */,
			);
			runOnlyForDeploymentPostprocessing = 0;
		};
/* End PBXSourcesBuildPhase section */

/* Begin PBXTargetDependency section */
		A4E86B8D1B4A374300F204DA /* PBXTargetDependency */ = {
			isa = PBXTargetDependency;
			target = A4E86B711B4A374300F204DA /* COMPandGO */;
			targetProxy = A4E86B8C1B4A374300F204DA /* PBXContainerItemProxy */;
		};
		D89D301B1D04375800660E53 /* PBXTargetDependency */ = {
			isa = PBXTargetDependency;
			name = VideoPreviewer;
			targetProxy = D89D301A1D04375800660E53 /* PBXContainerItemProxy */;
		};
/* End PBXTargetDependency section */

/* Begin PBXVariantGroup section */
		A4E86B841B4A374300F204DA /* LaunchScreen.xib */ = {
			isa = PBXVariantGroup;
			children = (
				A4E86B851B4A374300F204DA /* Base */,
			);
			name = LaunchScreen.xib;
			path = "../0-Módulo Principal";
			sourceTree = "<group>";
		};
		D89D30831D043BDA00660E53 /* MainRuta.storyboard */ = {
			isa = PBXVariantGroup;
			children = (
				D89D30841D043BDA00660E53 /* Base */,
			);
			name = MainRuta.storyboard;
			sourceTree = "<group>";
		};
		D89D308A1D043C2700660E53 /* Main.storyboard */ = {
			isa = PBXVariantGroup;
			children = (
				D89D308B1D043C2700660E53 /* Base */,
			);
			name = Main.storyboard;
			sourceTree = "<group>";
		};
/* End PBXVariantGroup section */

/* Begin XCBuildConfiguration section */
		A4E86B931B4A374300F204DA /* Debug */ = {
			isa = XCBuildConfiguration;
			buildSettings = {
				ALWAYS_SEARCH_USER_PATHS = NO;
				CLANG_CXX_LANGUAGE_STANDARD = "gnu++0x";
				CLANG_CXX_LIBRARY = "libc++";
				CLANG_ENABLE_MODULES = YES;
				CLANG_ENABLE_OBJC_ARC = YES;
				CLANG_WARN_BOOL_CONVERSION = YES;
				CLANG_WARN_CONSTANT_CONVERSION = YES;
				CLANG_WARN_DIRECT_OBJC_ISA_USAGE = YES_ERROR;
				CLANG_WARN_EMPTY_BODY = YES;
				CLANG_WARN_ENUM_CONVERSION = YES;
				CLANG_WARN_INT_CONVERSION = YES;
				CLANG_WARN_OBJC_ROOT_CLASS = YES_ERROR;
				CLANG_WARN_UNREACHABLE_CODE = YES;
				CLANG_WARN__DUPLICATE_METHOD_MATCH = YES;
				"CODE_SIGN_IDENTITY[sdk=iphoneos*]" = "iPhone Developer";
				COPY_PHASE_STRIP = NO;
				DEBUG_INFORMATION_FORMAT = "dwarf-with-dsym";
				ENABLE_STRICT_OBJC_MSGSEND = YES;
				ENABLE_TESTABILITY = YES;
				GCC_C_LANGUAGE_STANDARD = gnu99;
				GCC_DYNAMIC_NO_PIC = NO;
				GCC_NO_COMMON_BLOCKS = YES;
				GCC_OPTIMIZATION_LEVEL = 0;
				GCC_PREPROCESSOR_DEFINITIONS = (
					"DEBUG=1",
					"$(inherited)",
				);
				GCC_SYMBOLS_PRIVATE_EXTERN = NO;
				GCC_WARN_64_TO_32_BIT_CONVERSION = YES;
				GCC_WARN_ABOUT_RETURN_TYPE = YES_ERROR;
				GCC_WARN_UNDECLARED_SELECTOR = YES;
				GCC_WARN_UNINITIALIZED_AUTOS = YES_AGGRESSIVE;
				GCC_WARN_UNUSED_FUNCTION = YES;
				GCC_WARN_UNUSED_VARIABLE = YES;
				IPHONEOS_DEPLOYMENT_TARGET = 8.3;
				MTL_ENABLE_DEBUG_INFO = YES;
				ONLY_ACTIVE_ARCH = YES;
				SDKROOT = iphoneos;
				TARGETED_DEVICE_FAMILY = "1,2";
			};
			name = Debug;
		};
		A4E86B941B4A374300F204DA /* Release */ = {
			isa = XCBuildConfiguration;
			buildSettings = {
				ALWAYS_SEARCH_USER_PATHS = NO;
				CLANG_CXX_LANGUAGE_STANDARD = "gnu++0x";
				CLANG_CXX_LIBRARY = "libc++";
				CLANG_ENABLE_MODULES = YES;
				CLANG_ENABLE_OBJC_ARC = YES;
				CLANG_WARN_BOOL_CONVERSION = YES;
				CLANG_WARN_CONSTANT_CONVERSION = YES;
				CLANG_WARN_DIRECT_OBJC_ISA_USAGE = YES_ERROR;
				CLANG_WARN_EMPTY_BODY = YES;
				CLANG_WARN_ENUM_CONVERSION = YES;
				CLANG_WARN_INT_CONVERSION = YES;
				CLANG_WARN_OBJC_ROOT_CLASS = YES_ERROR;
				CLANG_WARN_UNREACHABLE_CODE = YES;
				CLANG_WARN__DUPLICATE_METHOD_MATCH = YES;
				"CODE_SIGN_IDENTITY[sdk=iphoneos*]" = "iPhone Developer";
				COPY_PHASE_STRIP = NO;
				DEBUG_INFORMATION_FORMAT = "dwarf-with-dsym";
				ENABLE_NS_ASSERTIONS = NO;
				ENABLE_STRICT_OBJC_MSGSEND = YES;
				GCC_C_LANGUAGE_STANDARD = gnu99;
				GCC_NO_COMMON_BLOCKS = YES;
				GCC_WARN_64_TO_32_BIT_CONVERSION = YES;
				GCC_WARN_ABOUT_RETURN_TYPE = YES_ERROR;
				GCC_WARN_UNDECLARED_SELECTOR = YES;
				GCC_WARN_UNINITIALIZED_AUTOS = YES_AGGRESSIVE;
				GCC_WARN_UNUSED_FUNCTION = YES;
				GCC_WARN_UNUSED_VARIABLE = YES;
				IPHONEOS_DEPLOYMENT_TARGET = 8.3;
				MTL_ENABLE_DEBUG_INFO = NO;
				SDKROOT = iphoneos;
				TARGETED_DEVICE_FAMILY = "1,2";
				VALIDATE_PRODUCT = YES;
			};
			name = Release;
		};
		A4E86B961B4A374300F204DA /* Debug */ = {
			isa = XCBuildConfiguration;
			buildSettings = {
				ASSETCATALOG_COMPILER_APPICON_NAME = AppIcon;
				ASSETCATALOG_COMPILER_LAUNCHIMAGE_NAME = "Brand Assets-2";
				CODE_SIGN_IDENTITY = "iPhone Developer";
				ENABLE_BITCODE = NO;
				FRAMEWORK_SEARCH_PATHS = (
					"$(inherited)",
					"$(PROJECT_DIR)/COMPandGO",
					"$(PROJECT_DIR)/COMPandGO/FrameWorks",
				);
				GCC_PRECOMPILE_PREFIX_HEADER = YES;
				GCC_PREFIX_HEADER = "COMPandGO/3-MISION/COMPandGO-pch.pch";
				INFOPLIST_FILE = "$(SRCROOT)/COMPandGOTest/Info.plist";
				IPHONEOS_DEPLOYMENT_TARGET = 8.0;
				LD_RUNPATH_SEARCH_PATHS = "$(inherited) @executable_path/Frameworks";
				PRODUCT_BUNDLE_IDENTIFIER = TUT.COMPandGO;
				PRODUCT_NAME = COMPandGO;
				TARGETED_DEVICE_FAMILY = 2;
			};
			name = Debug;
		};
		A4E86B971B4A374300F204DA /* Release */ = {
			isa = XCBuildConfiguration;
			buildSettings = {
				ASSETCATALOG_COMPILER_APPICON_NAME = AppIcon;
				ASSETCATALOG_COMPILER_LAUNCHIMAGE_NAME = "Brand Assets-2";
				CODE_SIGN_IDENTITY = "iPhone Developer";
				ENABLE_BITCODE = NO;
				FRAMEWORK_SEARCH_PATHS = (
					"$(inherited)",
					"$(PROJECT_DIR)/COMPandGO",
					"$(PROJECT_DIR)/COMPandGO/FrameWorks",
				);
				GCC_PRECOMPILE_PREFIX_HEADER = YES;
				GCC_PREFIX_HEADER = "COMPandGO/3-MISION/COMPandGO-pch.pch";
				INFOPLIST_FILE = "$(SRCROOT)/COMPandGOTest/Info.plist";
				IPHONEOS_DEPLOYMENT_TARGET = 8.0;
				LD_RUNPATH_SEARCH_PATHS = "$(inherited) @executable_path/Frameworks";
				PRODUCT_BUNDLE_IDENTIFIER = TUT.COMPandGO;
				PRODUCT_NAME = COMPandGO;
				TARGETED_DEVICE_FAMILY = 2;
			};
			name = Release;
		};
		A4E86B991B4A374300F204DA /* Debug */ = {
			isa = XCBuildConfiguration;
			buildSettings = {
				BUNDLE_LOADER = "$(TEST_HOST)";
				FRAMEWORK_SEARCH_PATHS = (
					"$(SDKROOT)/Developer/Library/Frameworks",
					"$(inherited)",
				);
				GCC_PREPROCESSOR_DEFINITIONS = (
					"DEBUG=1",
					"$(inherited)",
				);
				INFOPLIST_FILE = GSDemoTests/Info.plist;
				LD_RUNPATH_SEARCH_PATHS = "$(inherited) @executable_path/Frameworks @loader_path/Frameworks";
				PRODUCT_BUNDLE_IDENTIFIER = "com.dji.$(PRODUCT_NAME:rfc1034identifier)";
				PRODUCT_NAME = COMPandGO;
				TEST_HOST = "$(BUILT_PRODUCTS_DIR)/COMPandGO.app/COMPandGO";
			};
			name = Debug;
		};
		A4E86B9A1B4A374300F204DA /* Release */ = {
			isa = XCBuildConfiguration;
			buildSettings = {
				BUNDLE_LOADER = "$(TEST_HOST)";
				FRAMEWORK_SEARCH_PATHS = (
					"$(SDKROOT)/Developer/Library/Frameworks",
					"$(inherited)",
				);
				INFOPLIST_FILE = GSDemoTests/Info.plist;
				LD_RUNPATH_SEARCH_PATHS = "$(inherited) @executable_path/Frameworks @loader_path/Frameworks";
				PRODUCT_BUNDLE_IDENTIFIER = "com.dji.$(PRODUCT_NAME:rfc1034identifier)";
				PRODUCT_NAME = COMPandGO;
				TEST_HOST = "$(BUILT_PRODUCTS_DIR)/COMPandGO.app/COMPandGO";
			};
			name = Release;
		};
/* End XCBuildConfiguration section */

/* Begin XCConfigurationList section */
		A4E86B6D1B4A374300F204DA /* Build configuration list for PBXProject "COMPandGO" */ = {
			isa = XCConfigurationList;
			buildConfigurations = (
				A4E86B931B4A374300F204DA /* Debug */,
				A4E86B941B4A374300F204DA /* Release */,
			);
			defaultConfigurationIsVisible = 0;
			defaultConfigurationName = Release;
		};
		A4E86B951B4A374300F204DA /* Build configuration list for PBXNativeTarget "COMPandGO" */ = {
			isa = XCConfigurationList;
			buildConfigurations = (
				A4E86B961B4A374300F204DA /* Debug */,
				A4E86B971B4A374300F204DA /* Release */,
			);
			defaultConfigurationIsVisible = 0;
			defaultConfigurationName = Release;
		};
		A4E86B981B4A374300F204DA /* Build configuration list for PBXNativeTarget "COMPandGOTests" */ = {
			isa = XCConfigurationList;
			buildConfigurations = (
				A4E86B991B4A374300F204DA /* Debug */,
				A4E86B9A1B4A374300F204DA /* Release */,
			);
			defaultConfigurationIsVisible = 0;
			defaultConfigurationName = Release;
		};
/* End XCConfigurationList section */
	};
	rootObject = A4E86B6A1B4A374300F204DA /* Project object */;
}
