// !$*UTF8*$!
{
	archiveVersion = 1;
	classes = {
	};
	objectVersion = 46;
	objects = {

/* Begin PBXBuildFile section */
		D8095F5B1CF1C19B001774CA /* IconoAyuda.png in Resources */ = {isa = PBXBuildFile; fileRef = D8095F5A1CF1C19B001774CA /* IconoAyuda.png */; };
		D834EF651CF8BF7B00ED3411 /* Main.storyboard in Resources */ = {isa = PBXBuildFile; fileRef = D834EF631CF8BF7B00ED3411 /* Main.storyboard */; };
		D83E658C1CFA00D500143421 /* peligroTipoOperacion.png in Resources */ = {isa = PBXBuildFile; fileRef = D83E658B1CFA00D500143421 /* peligroTipoOperacion.png */; };
		D83E658E1CFA09C000143421 /* peligroRestricciones.png in Resources */ = {isa = PBXBuildFile; fileRef = D83E658D1CFA09C000143421 /* peligroRestricciones.png */; };
		D83E65901CFA0EE800143421 /* peligroMeteorologia.png in Resources */ = {isa = PBXBuildFile; fileRef = D83E658F1CFA0EE800143421 /* peligroMeteorologia.png */; };
		D84640F51CF9B1E200718744 /* BotonCierra.png in Resources */ = {isa = PBXBuildFile; fileRef = D84640F41CF9B1E200718744 /* BotonCierra.png */; };
		D84640FB1CF9BB9000718744 /* SpecialElite.ttf in Resources */ = {isa = PBXBuildFile; fileRef = D84640FA1CF9BB6A00718744 /* SpecialElite.ttf */; };
		D84640FD1CF9BCED00718744 /* FondoLargo.jpg in Resources */ = {isa = PBXBuildFile; fileRef = D84640FC1CF9BCED00718744 /* FondoLargo.jpg */; };
		D84640FF1CF9CF0F00718744 /* blanco.png in Resources */ = {isa = PBXBuildFile; fileRef = D84640FE1CF9CF0F00718744 /* blanco.png */; };
		D84641011CF9DA5100718744 /* peligro.jpg in Resources */ = {isa = PBXBuildFile; fileRef = D84641001CF9DA5100718744 /* peligro.jpg */; };
		D84641031CF9DB9900718744 /* peligro.png in Resources */ = {isa = PBXBuildFile; fileRef = D84641021CF9DB9900718744 /* peligro.png */; };
		D84641051CF9DD8400718744 /* peligroRaya.png in Resources */ = {isa = PBXBuildFile; fileRef = D84641041CF9DD8400718744 /* peligroRaya.png */; };
		D84641071CF9E2E600718744 /* peligroOperador.png in Resources */ = {isa = PBXBuildFile; fileRef = D84641061CF9E2E600718744 /* peligroOperador.png */; };
		D84641091CF9E4CC00718744 /* peligroAeronave.png in Resources */ = {isa = PBXBuildFile; fileRef = D84641081CF9E4CC00718744 /* peligroAeronave.png */; };
		D846410B1CF9E97200718744 /* peligroTipoDeVuelo.png in Resources */ = {isa = PBXBuildFile; fileRef = D846410A1CF9E97200718744 /* peligroTipoDeVuelo.png */; };
		D847C73E1CFCA0EB004926F4 /* gris.png in Resources */ = {isa = PBXBuildFile; fileRef = D847C73D1CFCA0EB004926F4 /* gris.png */; };
		D8810D811CF213FA006C9A4D /* Pdf.png in Resources */ = {isa = PBXBuildFile; fileRef = D8810D801CF213FA006C9A4D /* Pdf.png */; };
		D8810D871CF22B3F006C9A4D /* IconoEmail.png in Resources */ = {isa = PBXBuildFile; fileRef = D8810D861CF22B3F006C9A4D /* IconoEmail.png */; };
		D8B373261D01EF8D004F9C03 /* Images.xcassets in Resources */ = {isa = PBXBuildFile; fileRef = D8B373251D01EF8D004F9C03 /* Images.xcassets */; };
		D8B373291D01F017004F9C03 /* GaleriaViewController.m in Sources */ = {isa = PBXBuildFile; fileRef = D8B373281D01F017004F9C03 /* GaleriaViewController.m */; };
		D8B3732C1D0202B4004F9C03 /* playVideo.png in Resources */ = {isa = PBXBuildFile; fileRef = D8B3732A1D0202B4004F9C03 /* playVideo.png */; };
		D8B3732F1D020359004F9C03 /* botongaleria.png in Resources */ = {isa = PBXBuildFile; fileRef = D8B3732E1D020359004F9C03 /* botongaleria.png */; };
		D8B69AE21CFCD393009ACCAD /* DataPicker.png in Resources */ = {isa = PBXBuildFile; fileRef = D8B69AE11CFCD393009ACCAD /* DataPicker.png */; };
		D8B69AE41CFDE144009ACCAD /* click.m4a in Resources */ = {isa = PBXBuildFile; fileRef = D8B69AE31CFCDFF3009ACCAD /* click.m4a */; };
		D8B69AE61CFDEDE2009ACCAD /* pdfsonido.m4a in Resources */ = {isa = PBXBuildFile; fileRef = D8B69AE51CFDEDA5009ACCAD /* pdfsonido.m4a */; };
		D8B69AE81CFDEFAA009ACCAD /* calendarSP.png in Resources */ = {isa = PBXBuildFile; fileRef = D8B69AE71CFDEFAA009ACCAD /* calendarSP.png */; };
		D8B69AEA1CFDFBC6009ACCAD /* iconoCreaPdf.png in Resources */ = {isa = PBXBuildFile; fileRef = D8B69AE91CFDFBC6009ACCAD /* iconoCreaPdf.png */; };
		D8B69AEC1CFDFD27009ACCAD /* iconoCreaPdf2.png in Resources */ = {isa = PBXBuildFile; fileRef = D8B69AEB1CFDFD27009ACCAD /* iconoCreaPdf2.png */; };
		D8B69AEE1CFE034B009ACCAD /* Camara.png in Resources */ = {isa = PBXBuildFile; fileRef = D8B69AED1CFE034A009ACCAD /* Camara.png */; };
		D8B69AF11CFE0EEE009ACCAD /* GrabacionViewController.m in Sources */ = {isa = PBXBuildFile; fileRef = D8B69AF01CFE0EEE009ACCAD /* GrabacionViewController.m */; };
		D8C4D8171CF1CBA4006188EF /* Panton-BlackCaps.otf in Resources */ = {isa = PBXBuildFile; fileRef = D8095F5C1CF1C3C6001774CA /* Panton-BlackCaps.otf */; };
		D8C4D8191CF1CD86006188EF /* Kelson Sans Regular.otf in Resources */ = {isa = PBXBuildFile; fileRef = D8C4D8181CF1CD75006188EF /* Kelson Sans Regular.otf */; };
		D8C4D81B1CF1D3AD006188EF /* FranjaNegra.png in Resources */ = {isa = PBXBuildFile; fileRef = D8C4D81A1CF1D3AD006188EF /* FranjaNegra.png */; };
		D8C4D81D1CF1E195006188EF /* SigueIcono.png in Resources */ = {isa = PBXBuildFile; fileRef = D8C4D81C1CF1E195006188EF /* SigueIcono.png */; };
		D8C4D81F1CF1E249006188EF /* IconoSigue.png in Resources */ = {isa = PBXBuildFile; fileRef = D8C4D81E1CF1E249006188EF /* IconoSigue.png */; };
		D8C4D8211CF1E2E2006188EF /* IconoVuleve.png in Resources */ = {isa = PBXBuildFile; fileRef = D8C4D8201CF1E2E2006188EF /* IconoVuleve.png */; };
		D8D46B971CF73E8800A846C5 /* PlanVueloOperacional.jpg in Resources */ = {isa = PBXBuildFile; fileRef = D8D46B961CF73E8800A846C5 /* PlanVueloOperacional.jpg */; };
		D8D46B9D1CF749D000A846C5 /* IconoVerPfd.png in Resources */ = {isa = PBXBuildFile; fileRef = D8D46B9C1CF749D000A846C5 /* IconoVerPfd.png */; };
		D8D46B9F1CF7550200A846C5 /* PlanVueloPreliminar.pdf in Resources */ = {isa = PBXBuildFile; fileRef = D8D46B9E1CF7550200A846C5 /* PlanVueloPreliminar.pdf */; };
		D8D46C261CF8A01700A846C5 /* PulsaSonido.m4a in Resources */ = {isa = PBXBuildFile; fileRef = D8D46C251CF8A01700A846C5 /* PulsaSonido.m4a */; };
		D8D46C271CF8A01700A846C5 /* PulsaSonido.m4a in Resources */ = {isa = PBXBuildFile; fileRef = D8D46C251CF8A01700A846C5 /* PulsaSonido.m4a */; };
		D8D46C281CF8A01700A846C5 /* PulsaSonido.m4a in Resources */ = {isa = PBXBuildFile; fileRef = D8D46C251CF8A01700A846C5 /* PulsaSonido.m4a */; };
		D8D518171CFF7950004347B0 /* DJISDK.framework in Frameworks */ = {isa = PBXBuildFile; fileRef = D8D518151CFF7942004347B0 /* DJISDK.framework */; };
		D8D518181CFF7950004347B0 /* DJISDK.framework in Embed Frameworks */ = {isa = PBXBuildFile; fileRef = D8D518151CFF7942004347B0 /* DJISDK.framework */; settings = {ATTRIBUTES = (CodeSignOnCopy, RemoveHeadersOnCopy, ); }; };
		D8D5181F1CFF7A07004347B0 /* VideoPreviewer.framework in Frameworks */ = {isa = PBXBuildFile; fileRef = D8D5181E1CFF79BF004347B0 /* VideoPreviewer.framework */; };
		D8D518201CFF7A07004347B0 /* VideoPreviewer.framework in Embed Frameworks */ = {isa = PBXBuildFile; fileRef = D8D5181E1CFF79BF004347B0 /* VideoPreviewer.framework */; settings = {ATTRIBUTES = (CodeSignOnCopy, RemoveHeadersOnCopy, ); }; };
		D8D518241CFF7A92004347B0 /* AudioToolbox.framework in Frameworks */ = {isa = PBXBuildFile; fileRef = D8D518231CFF7A92004347B0 /* AudioToolbox.framework */; };
		D8D518261CFF7A99004347B0 /* MessageUI.framework in Frameworks */ = {isa = PBXBuildFile; fileRef = D8D518251CFF7A99004347B0 /* MessageUI.framework */; };
		D8F06DA81CEE0D0A00858A6A /* main.m in Sources */ = {isa = PBXBuildFile; fileRef = D8F06DA71CEE0D0A00858A6A /* main.m */; };
		D8F06DAB1CEE0D0A00858A6A /* AppDelegate.m in Sources */ = {isa = PBXBuildFile; fileRef = D8F06DAA1CEE0D0A00858A6A /* AppDelegate.m */; };
		D8F06DAE1CEE0D0A00858A6A /* PrincipalViewController.m in Sources */ = {isa = PBXBuildFile; fileRef = D8F06DAD1CEE0D0A00858A6A /* PrincipalViewController.m */; };
		D8F06DB61CEE0D0A00858A6A /* LaunchScreen.storyboard in Resources */ = {isa = PBXBuildFile; fileRef = D8F06DB41CEE0D0A00858A6A /* LaunchScreen.storyboard */; };
		D8F06DC11CEE0D0A00858A6A /* COMPandGOTests.m in Sources */ = {isa = PBXBuildFile; fileRef = D8F06DC01CEE0D0A00858A6A /* COMPandGOTests.m */; };
		D8F06DCC1CEE0D0A00858A6A /* COMPandGOUITests.m in Sources */ = {isa = PBXBuildFile; fileRef = D8F06DCB1CEE0D0A00858A6A /* COMPandGOUITests.m */; };
		D8F06DF11CEE2DB300858A6A /* CrearRutaViewController.m in Sources */ = {isa = PBXBuildFile; fileRef = D8F06DF01CEE2DB300858A6A /* CrearRutaViewController.m */; };
		D8F06DF51CEE2DF700858A6A /* AyudaViewController.m in Sources */ = {isa = PBXBuildFile; fileRef = D8F06DF41CEE2DF700858A6A /* AyudaViewController.m */; };
		D8F06DF91CEE2F2A00858A6A /* fondo2.jpg in Resources */ = {isa = PBXBuildFile; fileRef = D8F06DF81CEE2F2A00858A6A /* fondo2.jpg */; };
		D8F06E051CEF93A100858A6A /* Kelson Sans Light.otf in Resources */ = {isa = PBXBuildFile; fileRef = D8F06E041CEF93A100858A6A /* Kelson Sans Light.otf */; };
		D8F06E091CEF972000858A6A /* fondo.jpg in Resources */ = {isa = PBXBuildFile; fileRef = D8F06E081CEF972000858A6A /* fondo.jpg */; };
		D8F06E171CEFA13F00858A6A /* BotonCreaRutaGrande.png in Resources */ = {isa = PBXBuildFile; fileRef = D8F06E141CEFA13E00858A6A /* BotonCreaRutaGrande.png */; };
		D8F06E181CEFA13F00858A6A /* BotobGaleriaGrande.png in Resources */ = {isa = PBXBuildFile; fileRef = D8F06E151CEFA13F00858A6A /* BotobGaleriaGrande.png */; };
		D8F06E191CEFA13F00858A6A /* BotonDocuemntosGrande.png in Resources */ = {isa = PBXBuildFile; fileRef = D8F06E161CEFA13F00858A6A /* BotonDocuemntosGrande.png */; };
		D8F06E211CF0518B00858A6A /* logofondo.png in Resources */ = {isa = PBXBuildFile; fileRef = D8F06E201CF0518B00858A6A /* logofondo.png */; };
		D8F06E231CF0A79000858A6A /* PV.png in Resources */ = {isa = PBXBuildFile; fileRef = D8F06E221CF0A79000858A6A /* PV.png */; };
		D8F06E651CF0B2AA00858A6A /* FormularioViewController.m in Sources */ = {isa = PBXBuildFile; fileRef = D8F06E641CF0B2AA00858A6A /* FormularioViewController.m */; };
		D8F7CB9F1D031AD200ADC3B4 /* DJIPlaybackMultiSelectViewController.m in Sources */ = {isa = PBXBuildFile; fileRef = D8F7CB9C1D031AD200ADC3B4 /* DJIPlaybackMultiSelectViewController.m */; };
		D8F7CBA01D031AD200ADC3B4 /* DJIRootViewController.m in Sources */ = {isa = PBXBuildFile; fileRef = D8F7CB9E1D031AD200ADC3B4 /* DJIRootViewController.m */; };
		D8F7CBA41D031AED00ADC3B4 /* DJIPlaybackMultiSelectViewController_iPad.xib in Resources */ = {isa = PBXBuildFile; fileRef = D8F7CBA11D031AED00ADC3B4 /* DJIPlaybackMultiSelectViewController_iPad.xib */; };
		D8F7CBA51D031AED00ADC3B4 /* DJIPlaybackMultiSelectViewController_iPhone6.xib in Resources */ = {isa = PBXBuildFile; fileRef = D8F7CBA21D031AED00ADC3B4 /* DJIPlaybackMultiSelectViewController_iPhone6.xib */; };
		D8F7CBA61D031AED00ADC3B4 /* DJIPlaybackMultiSelectViewController_iPhone6+.xib in Resources */ = {isa = PBXBuildFile; fileRef = D8F7CBA31D031AED00ADC3B4 /* DJIPlaybackMultiSelectViewController_iPhone6+.xib */; };
/* End PBXBuildFile section */

/* Begin PBXContainerItemProxy section */
		D8D5181D1CFF79BF004347B0 /* PBXContainerItemProxy */ = {
			isa = PBXContainerItemProxy;
			containerPortal = D8D518191CFF79BF004347B0 /* VideoPreviewer.xcodeproj */;
			proxyType = 2;
			remoteGlobalIDString = 02A543FD1C3C51CB0083C11B;
			remoteInfo = VideoPreviewer;
		};
		D8D518211CFF7A07004347B0 /* PBXContainerItemProxy */ = {
			isa = PBXContainerItemProxy;
			containerPortal = D8D518191CFF79BF004347B0 /* VideoPreviewer.xcodeproj */;
			proxyType = 1;
			remoteGlobalIDString = 02A543FC1C3C51CB0083C11B;
			remoteInfo = VideoPreviewer;
		};
		D8F06DBD1CEE0D0A00858A6A /* PBXContainerItemProxy */ = {
			isa = PBXContainerItemProxy;
			containerPortal = D8F06D9B1CEE0D0900858A6A /* Project object */;
			proxyType = 1;
			remoteGlobalIDString = D8F06DA21CEE0D0900858A6A;
			remoteInfo = COMPandGO;
		};
		D8F06DC81CEE0D0A00858A6A /* PBXContainerItemProxy */ = {
			isa = PBXContainerItemProxy;
			containerPortal = D8F06D9B1CEE0D0900858A6A /* Project object */;
			proxyType = 1;
			remoteGlobalIDString = D8F06DA21CEE0D0900858A6A;
			remoteInfo = COMPandGO;
		};
/* End PBXContainerItemProxy section */

/* Begin PBXCopyFilesBuildPhase section */
		D8D517D01CFF5918004347B0 /* Embed Frameworks */ = {
			isa = PBXCopyFilesBuildPhase;
			buildActionMask = 2147483647;
			dstPath = "";
			dstSubfolderSpec = 10;
			files = (
				D8D518201CFF7A07004347B0 /* VideoPreviewer.framework in Embed Frameworks */,
				D8D518181CFF7950004347B0 /* DJISDK.framework in Embed Frameworks */,
			);
			name = "Embed Frameworks";
			runOnlyForDeploymentPostprocessing = 0;
		};
/* End PBXCopyFilesBuildPhase section */

/* Begin PBXFileReference section */
		D8095F5A1CF1C19B001774CA /* IconoAyuda.png */ = {isa = PBXFileReference; lastKnownFileType = image.png; path = IconoAyuda.png; sourceTree = "<group>"; };
		D8095F5C1CF1C3C6001774CA /* Panton-BlackCaps.otf */ = {isa = PBXFileReference; lastKnownFileType = file; path = "Panton-BlackCaps.otf"; sourceTree = "<group>"; };
		D834EF641CF8BF7B00ED3411 /* Base */ = {isa = PBXFileReference; lastKnownFileType = file.storyboard; name = Base; path = Base.lproj/Main.storyboard; sourceTree = "<group>"; };
		D83E658B1CFA00D500143421 /* peligroTipoOperacion.png */ = {isa = PBXFileReference; lastKnownFileType = image.png; path = peligroTipoOperacion.png; sourceTree = "<group>"; };
		D83E658D1CFA09C000143421 /* peligroRestricciones.png */ = {isa = PBXFileReference; lastKnownFileType = image.png; path = peligroRestricciones.png; sourceTree = "<group>"; };
		D83E658F1CFA0EE800143421 /* peligroMeteorologia.png */ = {isa = PBXFileReference; lastKnownFileType = image.png; path = peligroMeteorologia.png; sourceTree = "<group>"; };
		D84640F41CF9B1E200718744 /* BotonCierra.png */ = {isa = PBXFileReference; lastKnownFileType = image.png; path = BotonCierra.png; sourceTree = "<group>"; };
		D84640FA1CF9BB6A00718744 /* SpecialElite.ttf */ = {isa = PBXFileReference; lastKnownFileType = file; path = SpecialElite.ttf; sourceTree = "<group>"; };
		D84640FC1CF9BCED00718744 /* FondoLargo.jpg */ = {isa = PBXFileReference; lastKnownFileType = image.jpeg; path = FondoLargo.jpg; sourceTree = "<group>"; };
		D84640FE1CF9CF0F00718744 /* blanco.png */ = {isa = PBXFileReference; lastKnownFileType = image.png; path = blanco.png; sourceTree = "<group>"; };
		D84641001CF9DA5100718744 /* peligro.jpg */ = {isa = PBXFileReference; lastKnownFileType = image.jpeg; path = peligro.jpg; sourceTree = "<group>"; };
		D84641021CF9DB9900718744 /* peligro.png */ = {isa = PBXFileReference; lastKnownFileType = image.png; path = peligro.png; sourceTree = "<group>"; };
		D84641041CF9DD8400718744 /* peligroRaya.png */ = {isa = PBXFileReference; lastKnownFileType = image.png; path = peligroRaya.png; sourceTree = "<group>"; };
		D84641061CF9E2E600718744 /* peligroOperador.png */ = {isa = PBXFileReference; lastKnownFileType = image.png; path = peligroOperador.png; sourceTree = "<group>"; };
		D84641081CF9E4CC00718744 /* peligroAeronave.png */ = {isa = PBXFileReference; lastKnownFileType = image.png; path = peligroAeronave.png; sourceTree = "<group>"; };
		D846410A1CF9E97200718744 /* peligroTipoDeVuelo.png */ = {isa = PBXFileReference; lastKnownFileType = image.png; path = peligroTipoDeVuelo.png; sourceTree = "<group>"; };
		D847C73D1CFCA0EB004926F4 /* gris.png */ = {isa = PBXFileReference; lastKnownFileType = image.png; path = gris.png; sourceTree = "<group>"; };
		D8810D801CF213FA006C9A4D /* Pdf.png */ = {isa = PBXFileReference; lastKnownFileType = image.png; path = Pdf.png; sourceTree = "<group>"; };
		D8810D861CF22B3F006C9A4D /* IconoEmail.png */ = {isa = PBXFileReference; lastKnownFileType = image.png; path = IconoEmail.png; sourceTree = "<group>"; };
		D8B373251D01EF8D004F9C03 /* Images.xcassets */ = {isa = PBXFileReference; lastKnownFileType = folder.assetcatalog; path = Images.xcassets; sourceTree = "<group>"; };
		D8B373271D01F017004F9C03 /* GaleriaViewController.h */ = {isa = PBXFileReference; fileEncoding = 4; lastKnownFileType = sourcecode.c.h; path = GaleriaViewController.h; sourceTree = "<group>"; };
		D8B373281D01F017004F9C03 /* GaleriaViewController.m */ = {isa = PBXFileReference; fileEncoding = 4; lastKnownFileType = sourcecode.c.objc; path = GaleriaViewController.m; sourceTree = "<group>"; };
		D8B3732A1D0202B4004F9C03 /* playVideo.png */ = {isa = PBXFileReference; lastKnownFileType = image.png; path = playVideo.png; sourceTree = "<group>"; };
		D8B3732E1D020359004F9C03 /* botongaleria.png */ = {isa = PBXFileReference; lastKnownFileType = image.png; path = botongaleria.png; sourceTree = "<group>"; };
		D8B69AE11CFCD393009ACCAD /* DataPicker.png */ = {isa = PBXFileReference; lastKnownFileType = image.png; path = DataPicker.png; sourceTree = "<group>"; };
		D8B69AE31CFCDFF3009ACCAD /* click.m4a */ = {isa = PBXFileReference; lastKnownFileType = file; path = click.m4a; sourceTree = "<group>"; };
		D8B69AE51CFDEDA5009ACCAD /* pdfsonido.m4a */ = {isa = PBXFileReference; lastKnownFileType = file; path = pdfsonido.m4a; sourceTree = "<group>"; };
		D8B69AE71CFDEFAA009ACCAD /* calendarSP.png */ = {isa = PBXFileReference; lastKnownFileType = image.png; path = calendarSP.png; sourceTree = "<group>"; };
		D8B69AE91CFDFBC6009ACCAD /* iconoCreaPdf.png */ = {isa = PBXFileReference; lastKnownFileType = image.png; path = iconoCreaPdf.png; sourceTree = "<group>"; };
		D8B69AEB1CFDFD27009ACCAD /* iconoCreaPdf2.png */ = {isa = PBXFileReference; lastKnownFileType = image.png; path = iconoCreaPdf2.png; sourceTree = "<group>"; };
		D8B69AED1CFE034A009ACCAD /* Camara.png */ = {isa = PBXFileReference; lastKnownFileType = image.png; path = Camara.png; sourceTree = "<group>"; };
		D8B69AEF1CFE0EEE009ACCAD /* GrabacionViewController.h */ = {isa = PBXFileReference; fileEncoding = 4; lastKnownFileType = sourcecode.c.h; path = GrabacionViewController.h; sourceTree = "<group>"; };
		D8B69AF01CFE0EEE009ACCAD /* GrabacionViewController.m */ = {isa = PBXFileReference; fileEncoding = 4; lastKnownFileType = sourcecode.c.objc; path = GrabacionViewController.m; sourceTree = "<group>"; };
		D8C4D8181CF1CD75006188EF /* Kelson Sans Regular.otf */ = {isa = PBXFileReference; lastKnownFileType = file; path = "Kelson Sans Regular.otf"; sourceTree = "<group>"; };
		D8C4D81A1CF1D3AD006188EF /* FranjaNegra.png */ = {isa = PBXFileReference; lastKnownFileType = image.png; path = FranjaNegra.png; sourceTree = "<group>"; };
		D8C4D81C1CF1E195006188EF /* SigueIcono.png */ = {isa = PBXFileReference; lastKnownFileType = image.png; path = SigueIcono.png; sourceTree = "<group>"; };
		D8C4D81E1CF1E249006188EF /* IconoSigue.png */ = {isa = PBXFileReference; lastKnownFileType = image.png; path = IconoSigue.png; sourceTree = "<group>"; };
		D8C4D8201CF1E2E2006188EF /* IconoVuleve.png */ = {isa = PBXFileReference; lastKnownFileType = image.png; path = IconoVuleve.png; sourceTree = "<group>"; };
		D8D46B961CF73E8800A846C5 /* PlanVueloOperacional.jpg */ = {isa = PBXFileReference; lastKnownFileType = image.jpeg; path = PlanVueloOperacional.jpg; sourceTree = "<group>"; };
		D8D46B9C1CF749D000A846C5 /* IconoVerPfd.png */ = {isa = PBXFileReference; lastKnownFileType = image.png; path = IconoVerPfd.png; sourceTree = "<group>"; };
		D8D46B9E1CF7550200A846C5 /* PlanVueloPreliminar.pdf */ = {isa = PBXFileReference; lastKnownFileType = image.pdf; path = PlanVueloPreliminar.pdf; sourceTree = "<group>"; };
		D8D46C251CF8A01700A846C5 /* PulsaSonido.m4a */ = {isa = PBXFileReference; lastKnownFileType = file; path = PulsaSonido.m4a; sourceTree = "<group>"; };
		D8D518151CFF7942004347B0 /* DJISDK.framework */ = {isa = PBXFileReference; lastKnownFileType = wrapper.framework; name = DJISDK.framework; path = COMPandGO/Frameworks/DJISDK.framework; sourceTree = "<group>"; };
		D8D518191CFF79BF004347B0 /* VideoPreviewer.xcodeproj */ = {isa = PBXFileReference; lastKnownFileType = "wrapper.pb-project"; name = VideoPreviewer.xcodeproj; path = COMPandGO/Frameworks/VideoPreviewer/VideoPreviewer.xcodeproj; sourceTree = "<group>"; };
		D8D518231CFF7A92004347B0 /* AudioToolbox.framework */ = {isa = PBXFileReference; lastKnownFileType = wrapper.framework; name = AudioToolbox.framework; path = System/Library/Frameworks/AudioToolbox.framework; sourceTree = SDKROOT; };
		D8D518251CFF7A99004347B0 /* MessageUI.framework */ = {isa = PBXFileReference; lastKnownFileType = wrapper.framework; name = MessageUI.framework; path = System/Library/Frameworks/MessageUI.framework; sourceTree = SDKROOT; };
		D8F06DA31CEE0D0900858A6A /* COMPandGO.app */ = {isa = PBXFileReference; explicitFileType = wrapper.application; includeInIndex = 0; path = COMPandGO.app; sourceTree = BUILT_PRODUCTS_DIR; };
		D8F06DA71CEE0D0A00858A6A /* main.m */ = {isa = PBXFileReference; lastKnownFileType = sourcecode.c.objc; path = main.m; sourceTree = "<group>"; };
		D8F06DA91CEE0D0A00858A6A /* AppDelegate.h */ = {isa = PBXFileReference; lastKnownFileType = sourcecode.c.h; path = AppDelegate.h; sourceTree = "<group>"; };
		D8F06DAA1CEE0D0A00858A6A /* AppDelegate.m */ = {isa = PBXFileReference; lastKnownFileType = sourcecode.c.objc; path = AppDelegate.m; sourceTree = "<group>"; };
		D8F06DAC1CEE0D0A00858A6A /* PrincipalViewController.h */ = {isa = PBXFileReference; lastKnownFileType = sourcecode.c.h; path = PrincipalViewController.h; sourceTree = "<group>"; };
		D8F06DAD1CEE0D0A00858A6A /* PrincipalViewController.m */ = {isa = PBXFileReference; lastKnownFileType = sourcecode.c.objc; path = PrincipalViewController.m; sourceTree = "<group>"; };
		D8F06DB51CEE0D0A00858A6A /* Base */ = {isa = PBXFileReference; lastKnownFileType = file.storyboard; name = Base; path = Base.lproj/LaunchScreen.storyboard; sourceTree = "<group>"; };
		D8F06DB71CEE0D0A00858A6A /* Info.plist */ = {isa = PBXFileReference; lastKnownFileType = text.plist.xml; path = Info.plist; sourceTree = "<group>"; };
		D8F06DBC1CEE0D0A00858A6A /* COMPandGOTests.xctest */ = {isa = PBXFileReference; explicitFileType = wrapper.cfbundle; includeInIndex = 0; path = COMPandGOTests.xctest; sourceTree = BUILT_PRODUCTS_DIR; };
		D8F06DC01CEE0D0A00858A6A /* COMPandGOTests.m */ = {isa = PBXFileReference; lastKnownFileType = sourcecode.c.objc; path = COMPandGOTests.m; sourceTree = "<group>"; };
		D8F06DC21CEE0D0A00858A6A /* Info.plist */ = {isa = PBXFileReference; lastKnownFileType = text.plist.xml; path = Info.plist; sourceTree = "<group>"; };
		D8F06DC71CEE0D0A00858A6A /* COMPandGOUITests.xctest */ = {isa = PBXFileReference; explicitFileType = wrapper.cfbundle; includeInIndex = 0; path = COMPandGOUITests.xctest; sourceTree = BUILT_PRODUCTS_DIR; };
		D8F06DCB1CEE0D0A00858A6A /* COMPandGOUITests.m */ = {isa = PBXFileReference; lastKnownFileType = sourcecode.c.objc; path = COMPandGOUITests.m; sourceTree = "<group>"; };
		D8F06DCD1CEE0D0A00858A6A /* Info.plist */ = {isa = PBXFileReference; lastKnownFileType = text.plist.xml; path = Info.plist; sourceTree = "<group>"; };
		D8F06DEF1CEE2DB300858A6A /* CrearRutaViewController.h */ = {isa = PBXFileReference; fileEncoding = 4; lastKnownFileType = sourcecode.c.h; path = CrearRutaViewController.h; sourceTree = "<group>"; };
		D8F06DF01CEE2DB300858A6A /* CrearRutaViewController.m */ = {isa = PBXFileReference; fileEncoding = 4; lastKnownFileType = sourcecode.c.objc; path = CrearRutaViewController.m; sourceTree = "<group>"; };
		D8F06DF31CEE2DF700858A6A /* AyudaViewController.h */ = {isa = PBXFileReference; fileEncoding = 4; lastKnownFileType = sourcecode.c.h; path = AyudaViewController.h; sourceTree = "<group>"; };
		D8F06DF41CEE2DF700858A6A /* AyudaViewController.m */ = {isa = PBXFileReference; fileEncoding = 4; lastKnownFileType = sourcecode.c.objc; path = AyudaViewController.m; sourceTree = "<group>"; };
		D8F06DF81CEE2F2A00858A6A /* fondo2.jpg */ = {isa = PBXFileReference; lastKnownFileType = image.jpeg; path = fondo2.jpg; sourceTree = "<group>"; };
		D8F06E041CEF93A100858A6A /* Kelson Sans Light.otf */ = {isa = PBXFileReference; lastKnownFileType = file; path = "Kelson Sans Light.otf"; sourceTree = "<group>"; };
		D8F06E081CEF972000858A6A /* fondo.jpg */ = {isa = PBXFileReference; lastKnownFileType = image.jpeg; path = fondo.jpg; sourceTree = "<group>"; };
		D8F06E141CEFA13E00858A6A /* BotonCreaRutaGrande.png */ = {isa = PBXFileReference; lastKnownFileType = image.png; path = BotonCreaRutaGrande.png; sourceTree = "<group>"; };
		D8F06E151CEFA13F00858A6A /* BotobGaleriaGrande.png */ = {isa = PBXFileReference; lastKnownFileType = image.png; path = BotobGaleriaGrande.png; sourceTree = "<group>"; };
		D8F06E161CEFA13F00858A6A /* BotonDocuemntosGrande.png */ = {isa = PBXFileReference; lastKnownFileType = image.png; path = BotonDocuemntosGrande.png; sourceTree = "<group>"; };
		D8F06E201CF0518B00858A6A /* logofondo.png */ = {isa = PBXFileReference; lastKnownFileType = image.png; path = logofondo.png; sourceTree = "<group>"; };
		D8F06E221CF0A79000858A6A /* PV.png */ = {isa = PBXFileReference; lastKnownFileType = image.png; path = PV.png; sourceTree = "<group>"; };
		D8F06E631CF0B2AA00858A6A /* FormularioViewController.h */ = {isa = PBXFileReference; fileEncoding = 4; lastKnownFileType = sourcecode.c.h; path = FormularioViewController.h; sourceTree = "<group>"; };
		D8F06E641CF0B2AA00858A6A /* FormularioViewController.m */ = {isa = PBXFileReference; fileEncoding = 4; lastKnownFileType = sourcecode.c.objc; path = FormularioViewController.m; sourceTree = "<group>"; };
		D8F7CB9B1D031AD200ADC3B4 /* DJIPlaybackMultiSelectViewController.h */ = {isa = PBXFileReference; fileEncoding = 4; lastKnownFileType = sourcecode.c.h; path = DJIPlaybackMultiSelectViewController.h; sourceTree = "<group>"; };
		D8F7CB9C1D031AD200ADC3B4 /* DJIPlaybackMultiSelectViewController.m */ = {isa = PBXFileReference; fileEncoding = 4; lastKnownFileType = sourcecode.c.objc; path = DJIPlaybackMultiSelectViewController.m; sourceTree = "<group>"; };
		D8F7CB9D1D031AD200ADC3B4 /* DJIRootViewController.h */ = {isa = PBXFileReference; fileEncoding = 4; lastKnownFileType = sourcecode.c.h; path = DJIRootViewController.h; sourceTree = "<group>"; };
		D8F7CB9E1D031AD200ADC3B4 /* DJIRootViewController.m */ = {isa = PBXFileReference; fileEncoding = 4; lastKnownFileType = sourcecode.c.objc; path = DJIRootViewController.m; sourceTree = "<group>"; };
		D8F7CBA11D031AED00ADC3B4 /* DJIPlaybackMultiSelectViewController_iPad.xib */ = {isa = PBXFileReference; fileEncoding = 4; lastKnownFileType = file.xib; name = DJIPlaybackMultiSelectViewController_iPad.xib; path = xibs/DJIPlaybackMultiSelectViewController_iPad.xib; sourceTree = "<group>"; };
		D8F7CBA21D031AED00ADC3B4 /* DJIPlaybackMultiSelectViewController_iPhone6.xib */ = {isa = PBXFileReference; fileEncoding = 4; lastKnownFileType = file.xib; name = DJIPlaybackMultiSelectViewController_iPhone6.xib; path = xibs/DJIPlaybackMultiSelectViewController_iPhone6.xib; sourceTree = "<group>"; };
		D8F7CBA31D031AED00ADC3B4 /* DJIPlaybackMultiSelectViewController_iPhone6+.xib */ = {isa = PBXFileReference; fileEncoding = 4; lastKnownFileType = file.xib; name = "DJIPlaybackMultiSelectViewController_iPhone6+.xib"; path = "xibs/DJIPlaybackMultiSelectViewController_iPhone6+.xib"; sourceTree = "<group>"; };
/* End PBXFileReference section */

/* Begin PBXFrameworksBuildPhase section */
		D8F06DA01CEE0D0900858A6A /* Frameworks */ = {
			isa = PBXFrameworksBuildPhase;
			buildActionMask = 2147483647;
			files = (
				D8D518261CFF7A99004347B0 /* MessageUI.framework in Frameworks */,
				D8D518241CFF7A92004347B0 /* AudioToolbox.framework in Frameworks */,
				D8D5181F1CFF7A07004347B0 /* VideoPreviewer.framework in Frameworks */,
				D8D518171CFF7950004347B0 /* DJISDK.framework in Frameworks */,
			);
			runOnlyForDeploymentPostprocessing = 0;
		};
		D8F06DB91CEE0D0A00858A6A /* Frameworks */ = {
			isa = PBXFrameworksBuildPhase;
			buildActionMask = 2147483647;
			files = (
			);
			runOnlyForDeploymentPostprocessing = 0;
		};
		D8F06DC41CEE0D0A00858A6A /* Frameworks */ = {
			isa = PBXFrameworksBuildPhase;
			buildActionMask = 2147483647;
			files = (
			);
			runOnlyForDeploymentPostprocessing = 0;
		};
/* End PBXFrameworksBuildPhase section */

/* Begin PBXGroup section */
		D834EF671CF8C1FB00ED3411 /* PRINCIPAL */ = {
			isa = PBXGroup;
			children = (
				D8F06DB71CEE0D0A00858A6A /* Info.plist */,
				D834EF631CF8BF7B00ED3411 /* Main.storyboard */,
				D8F06DB41CEE0D0A00858A6A /* LaunchScreen.storyboard */,
				D8F06DA91CEE0D0A00858A6A /* AppDelegate.h */,
				D8F06DAA1CEE0D0A00858A6A /* AppDelegate.m */,
				D8F06DAC1CEE0D0A00858A6A /* PrincipalViewController.h */,
				D8F06DAD1CEE0D0A00858A6A /* PrincipalViewController.m */,
				D8D46B9E1CF7550200A846C5 /* PlanVueloPreliminar.pdf */,
				D8B373251D01EF8D004F9C03 /* Images.xcassets */,
			);
			name = PRINCIPAL;
			sourceTree = "<group>";
		};
		D8B69AF21CFE0F02009ACCAD /* 2-Grabación */ = {
			isa = PBXGroup;
			children = (
				D8B69AEF1CFE0EEE009ACCAD /* GrabacionViewController.h */,
				D8B69AF01CFE0EEE009ACCAD /* GrabacionViewController.m */,
			);
			name = "2-Grabación";
			sourceTree = "<group>";
		};
		D8D5181A1CFF79BF004347B0 /* Products */ = {
			isa = PBXGroup;
			children = (
				D8D5181E1CFF79BF004347B0 /* VideoPreviewer.framework */,
			);
			name = Products;
			sourceTree = "<group>";
		};
		D8DA33AC1D0082070077BEA2 /* Frameworks */ = {
			isa = PBXGroup;
			children = (
				D8D518251CFF7A99004347B0 /* MessageUI.framework */,
				D8D518231CFF7A92004347B0 /* AudioToolbox.framework */,
				D8D518191CFF79BF004347B0 /* VideoPreviewer.xcodeproj */,
				D8D518151CFF7942004347B0 /* DJISDK.framework */,
			);
			name = Frameworks;
			path = ..;
			sourceTree = "<group>";
		};
		D8F06D9A1CEE0D0900858A6A = {
			isa = PBXGroup;
			children = (
				D8F06DA51CEE0D0A00858A6A /* COMPandGO */,
				D8F06DBF1CEE0D0A00858A6A /* COMPandGOTests */,
				D8F06DCA1CEE0D0A00858A6A /* COMPandGOUITests */,
				D8F06DA41CEE0D0900858A6A /* Products */,
			);
			sourceTree = "<group>";
		};
		D8F06DA41CEE0D0900858A6A /* Products */ = {
			isa = PBXGroup;
			children = (
				D8F06DA31CEE0D0900858A6A /* COMPandGO.app */,
				D8F06DBC1CEE0D0A00858A6A /* COMPandGOTests.xctest */,
				D8F06DC71CEE0D0A00858A6A /* COMPandGOUITests.xctest */,
			);
			name = Products;
			sourceTree = "<group>";
		};
		D8F06DA51CEE0D0A00858A6A /* COMPandGO */ = {
			isa = PBXGroup;
			children = (
				D834EF671CF8C1FB00ED3411 /* PRINCIPAL */,
				D8F06DE71CEE2C7100858A6A /* 1-Documentación */,
				D8B69AF21CFE0F02009ACCAD /* 2-Grabación */,
				D8F06DF21CEE2DB900858A6A /* 3-Misión */,
				D8F06DEE1CEE2D4000858A6A /* 4-Galería */,
				D8F06DF61CEE2DFA00858A6A /* 5-Ayuda */,
				D8DA33AC1D0082070077BEA2 /* Frameworks */,
				D8F06DF71CEE2E2300858A6A /* Recursos */,
				D8F06DA61CEE0D0A00858A6A /* Supporting Files */,
			);
			path = COMPandGO;
			sourceTree = "<group>";
		};
		D8F06DA61CEE0D0A00858A6A /* Supporting Files */ = {
			isa = PBXGroup;
			children = (
				D8F06DA71CEE0D0A00858A6A /* main.m */,
			);
			name = "Supporting Files";
			sourceTree = "<group>";
		};
		D8F06DBF1CEE0D0A00858A6A /* COMPandGOTests */ = {
			isa = PBXGroup;
			children = (
				D8F06DC01CEE0D0A00858A6A /* COMPandGOTests.m */,
				D8F06DC21CEE0D0A00858A6A /* Info.plist */,
			);
			path = COMPandGOTests;
			sourceTree = "<group>";
		};
		D8F06DCA1CEE0D0A00858A6A /* COMPandGOUITests */ = {
			isa = PBXGroup;
			children = (
				D8F06DCB1CEE0D0A00858A6A /* COMPandGOUITests.m */,
				D8F06DCD1CEE0D0A00858A6A /* Info.plist */,
			);
			path = COMPandGOUITests;
			sourceTree = "<group>";
		};
		D8F06DE71CEE2C7100858A6A /* 1-Documentación */ = {
			isa = PBXGroup;
			children = (
				D8F06E631CF0B2AA00858A6A /* FormularioViewController.h */,
				D8F06E641CF0B2AA00858A6A /* FormularioViewController.m */,
			);
			name = "1-Documentación";
			sourceTree = "<group>";
		};
		D8F06DEE1CEE2D4000858A6A /* 4-Galería */ = {
			isa = PBXGroup;
			children = (
				D8F7CB9B1D031AD200ADC3B4 /* DJIPlaybackMultiSelectViewController.h */,
				D8F7CB9C1D031AD200ADC3B4 /* DJIPlaybackMultiSelectViewController.m */,
				D8F7CB9D1D031AD200ADC3B4 /* DJIRootViewController.h */,
				D8F7CB9E1D031AD200ADC3B4 /* DJIRootViewController.m */,
				D8F7CBA71D031AF300ADC3B4 /* xibs */,
				D8B373271D01F017004F9C03 /* GaleriaViewController.h */,
				D8B373281D01F017004F9C03 /* GaleriaViewController.m */,
			);
			name = "4-Galería";
			sourceTree = "<group>";
		};
		D8F06DF21CEE2DB900858A6A /* 3-Misión */ = {
			isa = PBXGroup;
			children = (
				D8F06DEF1CEE2DB300858A6A /* CrearRutaViewController.h */,
				D8F06DF01CEE2DB300858A6A /* CrearRutaViewController.m */,
			);
			name = "3-Misión";
			sourceTree = "<group>";
		};
		D8F06DF61CEE2DFA00858A6A /* 5-Ayuda */ = {
			isa = PBXGroup;
			children = (
				D8F06DF31CEE2DF700858A6A /* AyudaViewController.h */,
				D8F06DF41CEE2DF700858A6A /* AyudaViewController.m */,
			);
			name = "5-Ayuda";
			sourceTree = "<group>";
		};
		D8F06DF71CEE2E2300858A6A /* Recursos */ = {
			isa = PBXGroup;
			children = (
				D8B3732A1D0202B4004F9C03 /* playVideo.png */,
				D8B3732E1D020359004F9C03 /* botongaleria.png */,
				D8B69AED1CFE034A009ACCAD /* Camara.png */,
				D8B69AEB1CFDFD27009ACCAD /* iconoCreaPdf2.png */,
				D8B69AE91CFDFBC6009ACCAD /* iconoCreaPdf.png */,
				D8B69AE71CFDEFAA009ACCAD /* calendarSP.png */,
				D8B69AE51CFDEDA5009ACCAD /* pdfsonido.m4a */,
				D8B69AE31CFCDFF3009ACCAD /* click.m4a */,
				D8B69AE11CFCD393009ACCAD /* DataPicker.png */,
				D847C73D1CFCA0EB004926F4 /* gris.png */,
				D83E658F1CFA0EE800143421 /* peligroMeteorologia.png */,
				D83E658D1CFA09C000143421 /* peligroRestricciones.png */,
				D83E658B1CFA00D500143421 /* peligroTipoOperacion.png */,
				D846410A1CF9E97200718744 /* peligroTipoDeVuelo.png */,
				D84641081CF9E4CC00718744 /* peligroAeronave.png */,
				D84641061CF9E2E600718744 /* peligroOperador.png */,
				D84641041CF9DD8400718744 /* peligroRaya.png */,
				D84641021CF9DB9900718744 /* peligro.png */,
				D84641001CF9DA5100718744 /* peligro.jpg */,
				D84640FE1CF9CF0F00718744 /* blanco.png */,
				D84640FA1CF9BB6A00718744 /* SpecialElite.ttf */,
				D84640FC1CF9BCED00718744 /* FondoLargo.jpg */,
				D84640F41CF9B1E200718744 /* BotonCierra.png */,
				D8D46C251CF8A01700A846C5 /* PulsaSonido.m4a */,
				D8D46B9C1CF749D000A846C5 /* IconoVerPfd.png */,
				D8D46B961CF73E8800A846C5 /* PlanVueloOperacional.jpg */,
				D8810D861CF22B3F006C9A4D /* IconoEmail.png */,
				D8810D801CF213FA006C9A4D /* Pdf.png */,
				D8C4D81E1CF1E249006188EF /* IconoSigue.png */,
				D8C4D8201CF1E2E2006188EF /* IconoVuleve.png */,
				D8C4D81C1CF1E195006188EF /* SigueIcono.png */,
				D8C4D81A1CF1D3AD006188EF /* FranjaNegra.png */,
				D8C4D8181CF1CD75006188EF /* Kelson Sans Regular.otf */,
				D8095F5C1CF1C3C6001774CA /* Panton-BlackCaps.otf */,
				D8095F5A1CF1C19B001774CA /* IconoAyuda.png */,
				D8F06E221CF0A79000858A6A /* PV.png */,
				D8F06E041CEF93A100858A6A /* Kelson Sans Light.otf */,
				D8F06E201CF0518B00858A6A /* logofondo.png */,
				D8F06E141CEFA13E00858A6A /* BotonCreaRutaGrande.png */,
				D8F06E151CEFA13F00858A6A /* BotobGaleriaGrande.png */,
				D8F06E161CEFA13F00858A6A /* BotonDocuemntosGrande.png */,
				D8F06DF81CEE2F2A00858A6A /* fondo2.jpg */,
				D8F06E081CEF972000858A6A /* fondo.jpg */,
			);
			name = Recursos;
			sourceTree = "<group>";
		};
		D8F7CBA71D031AF300ADC3B4 /* xibs */ = {
			isa = PBXGroup;
			children = (
				D8F7CBA11D031AED00ADC3B4 /* DJIPlaybackMultiSelectViewController_iPad.xib */,
				D8F7CBA21D031AED00ADC3B4 /* DJIPlaybackMultiSelectViewController_iPhone6.xib */,
				D8F7CBA31D031AED00ADC3B4 /* DJIPlaybackMultiSelectViewController_iPhone6+.xib */,
			);
			name = xibs;
			sourceTree = "<group>";
		};
/* End PBXGroup section */

/* Begin PBXNativeTarget section */
		D8F06DA21CEE0D0900858A6A /* COMPandGO */ = {
			isa = PBXNativeTarget;
			buildConfigurationList = D8F06DD01CEE0D0A00858A6A /* Build configuration list for PBXNativeTarget "COMPandGO" */;
			buildPhases = (
				D8F06D9F1CEE0D0900858A6A /* Sources */,
				D8F06DA01CEE0D0900858A6A /* Frameworks */,
				D8F06DA11CEE0D0900858A6A /* Resources */,
				D8D517D01CFF5918004347B0 /* Embed Frameworks */,
			);
			buildRules = (
			);
			dependencies = (
				D8D518221CFF7A07004347B0 /* PBXTargetDependency */,
			);
			name = COMPandGO;
			productName = COMPandGO;
			productReference = D8F06DA31CEE0D0900858A6A /* COMPandGO.app */;
			productType = "com.apple.product-type.application";
		};
		D8F06DBB1CEE0D0A00858A6A /* COMPandGOTests */ = {
			isa = PBXNativeTarget;
			buildConfigurationList = D8F06DD31CEE0D0A00858A6A /* Build configuration list for PBXNativeTarget "COMPandGOTests" */;
			buildPhases = (
				D8F06DB81CEE0D0A00858A6A /* Sources */,
				D8F06DB91CEE0D0A00858A6A /* Frameworks */,
				D8F06DBA1CEE0D0A00858A6A /* Resources */,
			);
			buildRules = (
			);
			dependencies = (
				D8F06DBE1CEE0D0A00858A6A /* PBXTargetDependency */,
			);
			name = COMPandGOTests;
			productName = COMPandGOTests;
			productReference = D8F06DBC1CEE0D0A00858A6A /* COMPandGOTests.xctest */;
			productType = "com.apple.product-type.bundle.unit-test";
		};
		D8F06DC61CEE0D0A00858A6A /* COMPandGOUITests */ = {
			isa = PBXNativeTarget;
			buildConfigurationList = D8F06DD61CEE0D0A00858A6A /* Build configuration list for PBXNativeTarget "COMPandGOUITests" */;
			buildPhases = (
				D8F06DC31CEE0D0A00858A6A /* Sources */,
				D8F06DC41CEE0D0A00858A6A /* Frameworks */,
				D8F06DC51CEE0D0A00858A6A /* Resources */,
			);
			buildRules = (
			);
			dependencies = (
				D8F06DC91CEE0D0A00858A6A /* PBXTargetDependency */,
			);
			name = COMPandGOUITests;
			productName = COMPandGOUITests;
			productReference = D8F06DC71CEE0D0A00858A6A /* COMPandGOUITests.xctest */;
			productType = "com.apple.product-type.bundle.ui-testing";
		};
/* End PBXNativeTarget section */

/* Begin PBXProject section */
		D8F06D9B1CEE0D0900858A6A /* Project object */ = {
			isa = PBXProject;
			attributes = {
				LastUpgradeCheck = 0730;
				ORGANIZATIONNAME = "Jose Braña";
				TargetAttributes = {
					D8F06DA21CEE0D0900858A6A = {
						CreatedOnToolsVersion = 7.3.1;
						DevelopmentTeam = 232M8S4555;
					};
					D8F06DBB1CEE0D0A00858A6A = {
						CreatedOnToolsVersion = 7.3.1;
						TestTargetID = D8F06DA21CEE0D0900858A6A;
					};
					D8F06DC61CEE0D0A00858A6A = {
						CreatedOnToolsVersion = 7.3.1;
						TestTargetID = D8F06DA21CEE0D0900858A6A;
					};
				};
			};
			buildConfigurationList = D8F06D9E1CEE0D0900858A6A /* Build configuration list for PBXProject "COMPandGO" */;
			compatibilityVersion = "Xcode 3.2";
			developmentRegion = English;
			hasScannedForEncodings = 0;
			knownRegions = (
				en,
				Base,
			);
			mainGroup = D8F06D9A1CEE0D0900858A6A;
			productRefGroup = D8F06DA41CEE0D0900858A6A /* Products */;
			projectDirPath = "";
			projectReferences = (
				{
					ProductGroup = D8D5181A1CFF79BF004347B0 /* Products */;
					ProjectRef = D8D518191CFF79BF004347B0 /* VideoPreviewer.xcodeproj */;
				},
			);
			projectRoot = "";
			targets = (
				D8F06DA21CEE0D0900858A6A /* COMPandGO */,
				D8F06DBB1CEE0D0A00858A6A /* COMPandGOTests */,
				D8F06DC61CEE0D0A00858A6A /* COMPandGOUITests */,
			);
		};
/* End PBXProject section */

/* Begin PBXReferenceProxy section */
		D8D5181E1CFF79BF004347B0 /* VideoPreviewer.framework */ = {
			isa = PBXReferenceProxy;
			fileType = wrapper.framework;
			path = VideoPreviewer.framework;
			remoteRef = D8D5181D1CFF79BF004347B0 /* PBXContainerItemProxy */;
			sourceTree = BUILT_PRODUCTS_DIR;
		};
/* End PBXReferenceProxy section */

/* Begin PBXResourcesBuildPhase section */
		D8F06DA11CEE0D0900858A6A /* Resources */ = {
			isa = PBXResourcesBuildPhase;
			buildActionMask = 2147483647;
			files = (
				D8B69AEA1CFDFBC6009ACCAD /* iconoCreaPdf.png in Resources */,
				D8B69AE61CFDEDE2009ACCAD /* pdfsonido.m4a in Resources */,
				D8B69AE41CFDE144009ACCAD /* click.m4a in Resources */,
				D8F7CBA41D031AED00ADC3B4 /* DJIPlaybackMultiSelectViewController_iPad.xib in Resources */,
				D84640FB1CF9BB9000718744 /* SpecialElite.ttf in Resources */,
				D8810D811CF213FA006C9A4D /* Pdf.png in Resources */,
				D83E65901CFA0EE800143421 /* peligroMeteorologia.png in Resources */,
				D834EF651CF8BF7B00ED3411 /* Main.storyboard in Resources */,
				D8D46B9F1CF7550200A846C5 /* PlanVueloPreliminar.pdf in Resources */,
				D8810D871CF22B3F006C9A4D /* IconoEmail.png in Resources */,
				D83E658C1CFA00D500143421 /* peligroTipoOperacion.png in Resources */,
				D83E658E1CFA09C000143421 /* peligroRestricciones.png in Resources */,
				D84641051CF9DD8400718744 /* peligroRaya.png in Resources */,
				D8C4D81F1CF1E249006188EF /* IconoSigue.png in Resources */,
				D84641031CF9DB9900718744 /* peligro.png in Resources */,
				D8C4D8191CF1CD86006188EF /* Kelson Sans Regular.otf in Resources */,
				D8B69AEC1CFDFD27009ACCAD /* iconoCreaPdf2.png in Resources */,
				D847C73E1CFCA0EB004926F4 /* gris.png in Resources */,
				D8C4D8171CF1CBA4006188EF /* Panton-BlackCaps.otf in Resources */,
				D8F06DB61CEE0D0A00858A6A /* LaunchScreen.storyboard in Resources */,
				D8C4D81B1CF1D3AD006188EF /* FranjaNegra.png in Resources */,
				D8D46C261CF8A01700A846C5 /* PulsaSonido.m4a in Resources */,
				D8F06E231CF0A79000858A6A /* PV.png in Resources */,
				D8F7CBA51D031AED00ADC3B4 /* DJIPlaybackMultiSelectViewController_iPhone6.xib in Resources */,
				D8B69AEE1CFE034B009ACCAD /* Camara.png in Resources */,
				D8B3732C1D0202B4004F9C03 /* playVideo.png in Resources */,
				D84641091CF9E4CC00718744 /* peligroAeronave.png in Resources */,
				D84640FF1CF9CF0F00718744 /* blanco.png in Resources */,
				D8B3732F1D020359004F9C03 /* botongaleria.png in Resources */,
				D8C4D81D1CF1E195006188EF /* SigueIcono.png in Resources */,
				D8B69AE81CFDEFAA009ACCAD /* calendarSP.png in Resources */,
				D8F06E191CEFA13F00858A6A /* BotonDocuemntosGrande.png in Resources */,
				D8F06E181CEFA13F00858A6A /* BotobGaleriaGrande.png in Resources */,
				D8F06E051CEF93A100858A6A /* Kelson Sans Light.otf in Resources */,
				D846410B1CF9E97200718744 /* peligroTipoDeVuelo.png in Resources */,
				D84641071CF9E2E600718744 /* peligroOperador.png in Resources */,
				D8F06DF91CEE2F2A00858A6A /* fondo2.jpg in Resources */,
				D8F06E171CEFA13F00858A6A /* BotonCreaRutaGrande.png in Resources */,
				D8095F5B1CF1C19B001774CA /* IconoAyuda.png in Resources */,
				D84640FD1CF9BCED00718744 /* FondoLargo.jpg in Resources */,
				D8B373261D01EF8D004F9C03 /* Images.xcassets in Resources */,
				D8B69AE21CFCD393009ACCAD /* DataPicker.png in Resources */,
				D8F06E091CEF972000858A6A /* fondo.jpg in Resources */,
				D8F06E211CF0518B00858A6A /* logofondo.png in Resources */,
				D84640F51CF9B1E200718744 /* BotonCierra.png in Resources */,
				D8F7CBA61D031AED00ADC3B4 /* DJIPlaybackMultiSelectViewController_iPhone6+.xib in Resources */,
				D84641011CF9DA5100718744 /* peligro.jpg in Resources */,
				D8C4D8211CF1E2E2006188EF /* IconoVuleve.png in Resources */,
				D8D46B971CF73E8800A846C5 /* PlanVueloOperacional.jpg in Resources */,
				D8D46B9D1CF749D000A846C5 /* IconoVerPfd.png in Resources */,
			);
			runOnlyForDeploymentPostprocessing = 0;
		};
		D8F06DBA1CEE0D0A00858A6A /* Resources */ = {
			isa = PBXResourcesBuildPhase;
			buildActionMask = 2147483647;
			files = (
				D8D46C271CF8A01700A846C5 /* PulsaSonido.m4a in Resources */,
			);
			runOnlyForDeploymentPostprocessing = 0;
		};
		D8F06DC51CEE0D0A00858A6A /* Resources */ = {
			isa = PBXResourcesBuildPhase;
			buildActionMask = 2147483647;
			files = (
				D8D46C281CF8A01700A846C5 /* PulsaSonido.m4a in Resources */,
			);
			runOnlyForDeploymentPostprocessing = 0;
		};
/* End PBXResourcesBuildPhase section */

/* Begin PBXSourcesBuildPhase section */
		D8F06D9F1CEE0D0900858A6A /* Sources */ = {
			isa = PBXSourcesBuildPhase;
			buildActionMask = 2147483647;
			files = (
				D8F06DAE1CEE0D0A00858A6A /* PrincipalViewController.m in Sources */,
				D8B69AF11CFE0EEE009ACCAD /* GrabacionViewController.m in Sources */,
				D8F06DF51CEE2DF700858A6A /* AyudaViewController.m in Sources */,
				D8F06DAB1CEE0D0A00858A6A /* AppDelegate.m in Sources */,
				D8F7CBA01D031AD200ADC3B4 /* DJIRootViewController.m in Sources */,
				D8F7CB9F1D031AD200ADC3B4 /* DJIPlaybackMultiSelectViewController.m in Sources */,
				D8F06DF11CEE2DB300858A6A /* CrearRutaViewController.m in Sources */,
				D8F06E651CF0B2AA00858A6A /* FormularioViewController.m in Sources */,
				D8B373291D01F017004F9C03 /* GaleriaViewController.m in Sources */,
				D8F06DA81CEE0D0A00858A6A /* main.m in Sources */,
			);
			runOnlyForDeploymentPostprocessing = 0;
		};
		D8F06DB81CEE0D0A00858A6A /* Sources */ = {
			isa = PBXSourcesBuildPhase;
			buildActionMask = 2147483647;
			files = (
				D8F06DC11CEE0D0A00858A6A /* COMPandGOTests.m in Sources */,
			);
			runOnlyForDeploymentPostprocessing = 0;
		};
		D8F06DC31CEE0D0A00858A6A /* Sources */ = {
			isa = PBXSourcesBuildPhase;
			buildActionMask = 2147483647;
			files = (
				D8F06DCC1CEE0D0A00858A6A /* COMPandGOUITests.m in Sources */,
			);
			runOnlyForDeploymentPostprocessing = 0;
		};
/* End PBXSourcesBuildPhase section */

/* Begin PBXTargetDependency section */
		D8D518221CFF7A07004347B0 /* PBXTargetDependency */ = {
			isa = PBXTargetDependency;
			name = VideoPreviewer;
			targetProxy = D8D518211CFF7A07004347B0 /* PBXContainerItemProxy */;
		};
		D8F06DBE1CEE0D0A00858A6A /* PBXTargetDependency */ = {
			isa = PBXTargetDependency;
			target = D8F06DA21CEE0D0900858A6A /* COMPandGO */;
			targetProxy = D8F06DBD1CEE0D0A00858A6A /* PBXContainerItemProxy */;
		};
		D8F06DC91CEE0D0A00858A6A /* PBXTargetDependency */ = {
			isa = PBXTargetDependency;
			target = D8F06DA21CEE0D0900858A6A /* COMPandGO */;
			targetProxy = D8F06DC81CEE0D0A00858A6A /* PBXContainerItemProxy */;
		};
/* End PBXTargetDependency section */

/* Begin PBXVariantGroup section */
		D834EF631CF8BF7B00ED3411 /* Main.storyboard */ = {
			isa = PBXVariantGroup;
			children = (
				D834EF641CF8BF7B00ED3411 /* Base */,
			);
			name = Main.storyboard;
			sourceTree = "<group>";
		};
		D8F06DB41CEE0D0A00858A6A /* LaunchScreen.storyboard */ = {
			isa = PBXVariantGroup;
			children = (
				D8F06DB51CEE0D0A00858A6A /* Base */,
			);
			name = LaunchScreen.storyboard;
			sourceTree = "<group>";
		};
/* End PBXVariantGroup section */

/* Begin XCBuildConfiguration section */
		D8F06DCE1CEE0D0A00858A6A /* Debug */ = {
			isa = XCBuildConfiguration;
			buildSettings = {
				ALWAYS_SEARCH_USER_PATHS = NO;
				CLANG_ANALYZER_NONNULL = YES;
				CLANG_CXX_LANGUAGE_STANDARD = "gnu++0x";
				CLANG_CXX_LIBRARY = "libc++";
				CLANG_ENABLE_MODULES = YES;
				CLANG_ENABLE_OBJC_ARC = YES;
				CLANG_WARN_BOOL_CONVERSION = YES;
				CLANG_WARN_CONSTANT_CONVERSION = YES;
				CLANG_WARN_DIRECT_OBJC_ISA_USAGE = YES_ERROR;
				CLANG_WARN_EMPTY_BODY = YES;
				CLANG_WARN_ENUM_CONVERSION = YES;
				CLANG_WARN_INT_CONVERSION = YES;
				CLANG_WARN_OBJC_ROOT_CLASS = YES_ERROR;
				CLANG_WARN_UNREACHABLE_CODE = YES;
				CLANG_WARN__DUPLICATE_METHOD_MATCH = YES;
				"CODE_SIGN_IDENTITY[sdk=iphoneos*]" = "iPhone Developer";
				COPY_PHASE_STRIP = NO;
				DEBUG_INFORMATION_FORMAT = dwarf;
				ENABLE_STRICT_OBJC_MSGSEND = YES;
				ENABLE_TESTABILITY = YES;
				GCC_C_LANGUAGE_STANDARD = gnu99;
				GCC_DYNAMIC_NO_PIC = NO;
				GCC_NO_COMMON_BLOCKS = YES;
				GCC_OPTIMIZATION_LEVEL = 0;
				GCC_PREPROCESSOR_DEFINITIONS = (
					"DEBUG=1",
					"$(inherited)",
				);
				GCC_WARN_64_TO_32_BIT_CONVERSION = YES;
				GCC_WARN_ABOUT_RETURN_TYPE = YES_ERROR;
				GCC_WARN_UNDECLARED_SELECTOR = YES;
				GCC_WARN_UNINITIALIZED_AUTOS = YES_AGGRESSIVE;
				GCC_WARN_UNUSED_FUNCTION = YES;
				GCC_WARN_UNUSED_VARIABLE = YES;
				IPHONEOS_DEPLOYMENT_TARGET = 9.3;
				MTL_ENABLE_DEBUG_INFO = YES;
				ONLY_ACTIVE_ARCH = YES;
				SDKROOT = iphoneos;
				TARGETED_DEVICE_FAMILY = "1,2";
			};
			name = Debug;
		};
		D8F06DCF1CEE0D0A00858A6A /* Release */ = {
			isa = XCBuildConfiguration;
			buildSettings = {
				ALWAYS_SEARCH_USER_PATHS = NO;
				CLANG_ANALYZER_NONNULL = YES;
				CLANG_CXX_LANGUAGE_STANDARD = "gnu++0x";
				CLANG_CXX_LIBRARY = "libc++";
				CLANG_ENABLE_MODULES = YES;
				CLANG_ENABLE_OBJC_ARC = YES;
				CLANG_WARN_BOOL_CONVERSION = YES;
				CLANG_WARN_CONSTANT_CONVERSION = YES;
				CLANG_WARN_DIRECT_OBJC_ISA_USAGE = YES_ERROR;
				CLANG_WARN_EMPTY_BODY = YES;
				CLANG_WARN_ENUM_CONVERSION = YES;
				CLANG_WARN_INT_CONVERSION = YES;
				CLANG_WARN_OBJC_ROOT_CLASS = YES_ERROR;
				CLANG_WARN_UNREACHABLE_CODE = YES;
				CLANG_WARN__DUPLICATE_METHOD_MATCH = YES;
				"CODE_SIGN_IDENTITY[sdk=iphoneos*]" = "iPhone Developer";
				COPY_PHASE_STRIP = NO;
				DEBUG_INFORMATION_FORMAT = "dwarf-with-dsym";
				ENABLE_NS_ASSERTIONS = NO;
				ENABLE_STRICT_OBJC_MSGSEND = YES;
				GCC_C_LANGUAGE_STANDARD = gnu99;
				GCC_NO_COMMON_BLOCKS = YES;
				GCC_WARN_64_TO_32_BIT_CONVERSION = YES;
				GCC_WARN_ABOUT_RETURN_TYPE = YES_ERROR;
				GCC_WARN_UNDECLARED_SELECTOR = YES;
				GCC_WARN_UNINITIALIZED_AUTOS = YES_AGGRESSIVE;
				GCC_WARN_UNUSED_FUNCTION = YES;
				GCC_WARN_UNUSED_VARIABLE = YES;
				IPHONEOS_DEPLOYMENT_TARGET = 9.3;
				MTL_ENABLE_DEBUG_INFO = NO;
				SDKROOT = iphoneos;
				TARGETED_DEVICE_FAMILY = "1,2";
				VALIDATE_PRODUCT = YES;
			};
			name = Release;
		};
		D8F06DD11CEE0D0A00858A6A /* Debug */ = {
			isa = XCBuildConfiguration;
			buildSettings = {
				ALWAYS_SEARCH_USER_PATHS = NO;
				ASSETCATALOG_COMPILER_APPICON_NAME = AppIcon;
				CODE_SIGN_IDENTITY = "iPhone Developer";
				ENABLE_BITCODE = NO;
				FRAMEWORK_SEARCH_PATHS = "$(PROJECT_DIR)/COMPandGO/Frameworks";
				HEADER_SEARCH_PATHS = (
					/Applications/Xcode.app/Contents/Developer/Toolchains/XcodeDefault.xctoolchain/usr/include,
					"$(inherited)",
					"\"$(SRCROOT)/COMPandGO/Frameworks/VideoPreviewer/ffmpeg/include\"",
				);
				INFOPLIST_FILE = COMPandGO/Info.plist;
				IPHONEOS_DEPLOYMENT_TARGET = 8.0;
				LD_RUNPATH_SEARCH_PATHS = "$(inherited) @executable_path/Frameworks";
				LIBRARY_SEARCH_PATHS = (
					"$(PROJECT_DIR)/COMPandGO/Frameworks/VideoPreviewer/ffmpeg/lib",
					"$(PROJECT_DIR)/COMPandGO/Frameworks/VideoPreviewer/DJIH264Decoder/lib",
					"$(inherited)",
				);
				PRODUCT_BUNDLE_IDENTIFIER = TUT.COMPandGO;
				PRODUCT_NAME = "$(TARGET_NAME)";
				TARGETED_DEVICE_FAMILY = 2;
			};
			name = Debug;
		};
		D8F06DD21CEE0D0A00858A6A /* Release */ = {
			isa = XCBuildConfiguration;
			buildSettings = {
				ALWAYS_SEARCH_USER_PATHS = NO;
				ASSETCATALOG_COMPILER_APPICON_NAME = AppIcon;
				CODE_SIGN_IDENTITY = "iPhone Developer";
				ENABLE_BITCODE = NO;
				FRAMEWORK_SEARCH_PATHS = "$(PROJECT_DIR)/COMPandGO/Frameworks";
				HEADER_SEARCH_PATHS = (
					/Applications/Xcode.app/Contents/Developer/Toolchains/XcodeDefault.xctoolchain/usr/include,
					"$(inherited)",
					"\"$(SRCROOT)/COMPandGO/Frameworks/VideoPreviewer/ffmpeg/include\"",
				);
				INFOPLIST_FILE = COMPandGO/Info.plist;
				IPHONEOS_DEPLOYMENT_TARGET = 8.0;
				LD_RUNPATH_SEARCH_PATHS = "$(inherited) @executable_path/Frameworks";
				LIBRARY_SEARCH_PATHS = (
					"$(PROJECT_DIR)/COMPandGO/Frameworks/VideoPreviewer/ffmpeg/lib",
					"$(PROJECT_DIR)/COMPandGO/Frameworks/VideoPreviewer/DJIH264Decoder/lib",
					"$(inherited)",
				);
				PRODUCT_BUNDLE_IDENTIFIER = TUT.COMPandGO;
				PRODUCT_NAME = "$(TARGET_NAME)";
				TARGETED_DEVICE_FAMILY = 2;
			};
			name = Release;
		};
		D8F06DD41CEE0D0A00858A6A /* Debug */ = {
			isa = XCBuildConfiguration;
			buildSettings = {
				BUNDLE_LOADER = "$(TEST_HOST)";
				INFOPLIST_FILE = COMPandGOTests/Info.plist;
				LD_RUNPATH_SEARCH_PATHS = "$(inherited) @executable_path/Frameworks @loader_path/Frameworks";
				PRODUCT_BUNDLE_IDENTIFIER = TUT.COMPandGOTests;
				PRODUCT_NAME = "$(TARGET_NAME)";
				TEST_HOST = "$(BUILT_PRODUCTS_DIR)/COMPandGO.app/COMPandGO";
			};
			name = Debug;
		};
		D8F06DD51CEE0D0A00858A6A /* Release */ = {
			isa = XCBuildConfiguration;
			buildSettings = {
				BUNDLE_LOADER = "$(TEST_HOST)";
				INFOPLIST_FILE = COMPandGOTests/Info.plist;
				LD_RUNPATH_SEARCH_PATHS = "$(inherited) @executable_path/Frameworks @loader_path/Frameworks";
				PRODUCT_BUNDLE_IDENTIFIER = TUT.COMPandGOTests;
				PRODUCT_NAME = "$(TARGET_NAME)";
				TEST_HOST = "$(BUILT_PRODUCTS_DIR)/COMPandGO.app/COMPandGO";
			};
			name = Release;
		};
		D8F06DD71CEE0D0A00858A6A /* Debug */ = {
			isa = XCBuildConfiguration;
			buildSettings = {
				INFOPLIST_FILE = COMPandGOUITests/Info.plist;
				LD_RUNPATH_SEARCH_PATHS = "$(inherited) @executable_path/Frameworks @loader_path/Frameworks";
				PRODUCT_BUNDLE_IDENTIFIER = TUT.COMPandGOUITests;
				PRODUCT_NAME = "$(TARGET_NAME)";
				TEST_TARGET_NAME = COMPandGO;
			};
			name = Debug;
		};
		D8F06DD81CEE0D0A00858A6A /* Release */ = {
			isa = XCBuildConfiguration;
			buildSettings = {
				INFOPLIST_FILE = COMPandGOUITests/Info.plist;
				LD_RUNPATH_SEARCH_PATHS = "$(inherited) @executable_path/Frameworks @loader_path/Frameworks";
				PRODUCT_BUNDLE_IDENTIFIER = TUT.COMPandGOUITests;
				PRODUCT_NAME = "$(TARGET_NAME)";
				TEST_TARGET_NAME = COMPandGO;
			};
			name = Release;
		};
/* End XCBuildConfiguration section */

/* Begin XCConfigurationList section */
		D8F06D9E1CEE0D0900858A6A /* Build configuration list for PBXProject "COMPandGO" */ = {
			isa = XCConfigurationList;
			buildConfigurations = (
				D8F06DCE1CEE0D0A00858A6A /* Debug */,
				D8F06DCF1CEE0D0A00858A6A /* Release */,
			);
			defaultConfigurationIsVisible = 0;
			defaultConfigurationName = Release;
		};
		D8F06DD01CEE0D0A00858A6A /* Build configuration list for PBXNativeTarget "COMPandGO" */ = {
			isa = XCConfigurationList;
			buildConfigurations = (
				D8F06DD11CEE0D0A00858A6A /* Debug */,
				D8F06DD21CEE0D0A00858A6A /* Release */,
			);
			defaultConfigurationIsVisible = 0;
			defaultConfigurationName = Release;
		};
		D8F06DD31CEE0D0A00858A6A /* Build configuration list for PBXNativeTarget "COMPandGOTests" */ = {
			isa = XCConfigurationList;
			buildConfigurations = (
				D8F06DD41CEE0D0A00858A6A /* Debug */,
				D8F06DD51CEE0D0A00858A6A /* Release */,
			);
			defaultConfigurationIsVisible = 0;
			defaultConfigurationName = Release;
		};
		D8F06DD61CEE0D0A00858A6A /* Build configuration list for PBXNativeTarget "COMPandGOUITests" */ = {
			isa = XCConfigurationList;
			buildConfigurations = (
				D8F06DD71CEE0D0A00858A6A /* Debug */,
				D8F06DD81CEE0D0A00858A6A /* Release */,
			);
			defaultConfigurationIsVisible = 0;
			defaultConfigurationName = Release;
		};
/* End XCConfigurationList section */
	};
	rootObject = D8F06D9B1CEE0D0900858A6A /* Project object */;
}
